
Microsoft Visual Studio Solution File, Format Version 12.00
# Visual Studio Version 17
VisualStudioVersion = 17.0.31903.59
MinimumVisualStudioVersion = 10.0.40219.1
Project("{2150E333-8FDC-42A3-9474-1A3956D46DE8}") = "src", "src", "{F1A1A1A0-227C-4A8A-BF89-2CCA62000777}"
EndProject
Project("{FAE04EC0-301F-11D3-BF4B-00C04F79EFBC}") = "Notification.Domain", "src\Domain\Notification.Domain.csproj", "{D1C21016-8D33-4CB6-AED0-AD09F7188ECC}"
EndProject
Project("{FAE04EC0-301F-11D3-BF4B-00C04F79EFBC}") = "Notification.Application", "src\Application\Notification.Application.csproj", "{E80EE22E-6335-4B68-A985-AD09E9CA6FBD}"
EndProject
Project("{FAE04EC0-301F-11D3-BF4B-00C04F79EFBC}") = "Notification.Infrastructure", "src\Infrastructure\Notification.Infrastructure.csproj", "{F71CC650-9FB1-4E81-9161-8190763CD153}"
EndProject
Project("{FAE04EC0-301F-11D3-BF4B-00C04F79EFBC}") = "Notification.Api", "src\Api\Notification.Api.csproj", "{D6D8DD45-B509-CB96-8D36-B14D0F85DE4A}"
EndProject
Project("{2150E333-8FDC-42A3-9474-1A3956D46DE8}") = "tests", "tests", "{0AB3BF05-4346-4AA6-1389-037BE0695223}"
EndProject
Project("{FAE04EC0-301F-11D3-BF4B-00C04F79EFBC}") = "Notification.Domain.UnitTests", "tests\Notification.Domain.UnitTests\Notification.Domain.UnitTests.csproj", "{11608DED-22DF-1F00-4B46-F4A8700157CD}"
EndProject
Project("{FAE04EC0-301F-11D3-BF4B-00C04F79EFBC}") = "Notification.Application.UnitTests", "tests\Notification.Application.UnitTests\Notification.Application.UnitTests.csproj", "{2AE20597-98DF-5D25-29D0-1060BF2F50F6}"
EndProject
Project("{FAE04EC0-301F-11D3-BF4B-00C04F79EFBC}") = "Identity.UnitTests", "..\identity\tests\Identity.UnitTests\Identity.UnitTests.csproj", "{DA7D98ED-FCA0-4DAF-A596-84B5249C69ED}"
EndProject
Project("{FAE04EC0-301F-11D3-BF4B-00C04F79EFBC}") = "Identity.Domain", "..\identity\src\Identity.Domain\Identity.Domain.csproj", "{B01C3C50-19B7-44A6-AE2E-16E103D379CE}"
EndProject
Project("{FAE04EC0-301F-11D3-BF4B-00C04F79EFBC}") = "Identity.Application", "..\identity\src\Identity.Application\Identity.Application.csproj", "{920DAB49-4FFD-40C5-AD5E-6BFA2849780D}"
EndProject
Project("{FAE04EC0-301F-11D3-BF4B-00C04F79EFBC}") = "Inventory.UnitTests", "..\inventory\tests\Inventory.UnitTests\Inventory.UnitTests.csproj", "{AB8543C2-6D6D-4BDE-A5EB-1CB36F99DC8D}"
EndProject
Project("{FAE04EC0-301F-11D3-BF4B-00C04F79EFBC}") = "Inventory.Domain", "..\inventory\src\Inventory.Domain\Inventory.Domain.csproj", "{779EB7AF-9440-41F6-8732-F88FDC3020E8}"
EndProject
Project("{FAE04EC0-301F-11D3-BF4B-00C04F79EFBC}") = "Inventory.Application", "..\inventory\src\Inventory.Application\Inventory.Application.csproj", "{371514B6-7F0C-4F39-A594-71F8D983F1F2}"
EndProject
Project("{FAE04EC0-301F-11D3-BF4B-00C04F79EFBC}") = "Inventory.Infrastructure", "..\inventory\src\Inventory.Infrastructure\Inventory.Infrastructure.csproj", "{DB9A7D4C-914E-4799-B28F-EF775E35F6EA}"
EndProject
Global
	GlobalSection(SolutionConfigurationPlatforms) = preSolution
		Debug|Any CPU = Debug|Any CPU
		Debug|x64 = Debug|x64
		Debug|x86 = Debug|x86
		Release|Any CPU = Release|Any CPU
		Release|x64 = Release|x64
		Release|x86 = Release|x86
	EndGlobalSection
	GlobalSection(ProjectConfigurationPlatforms) = postSolution
		{D1C21016-8D33-4CB6-AED0-AD09F7188ECC}.Debug|Any CPU.ActiveCfg = Debug|Any CPU
		{D1C21016-8D33-4CB6-AED0-AD09F7188ECC}.Debug|Any CPU.Build.0 = Debug|Any CPU
		{D1C21016-8D33-4CB6-AED0-AD09F7188ECC}.Debug|x64.ActiveCfg = Debug|Any CPU
		{D1C21016-8D33-4CB6-AED0-AD09F7188ECC}.Debug|x64.Build.0 = Debug|Any CPU
		{D1C21016-8D33-4CB6-AED0-AD09F7188ECC}.Debug|x86.ActiveCfg = Debug|Any CPU
		{D1C21016-8D33-4CB6-AED0-AD09F7188ECC}.Debug|x86.Build.0 = Debug|Any CPU
		{D1C21016-8D33-4CB6-AED0-AD09F7188ECC}.Release|Any CPU.ActiveCfg = Release|Any CPU
		{D1C21016-8D33-4CB6-AED0-AD09F7188ECC}.Release|Any CPU.Build.0 = Release|Any CPU
		{D1C21016-8D33-4CB6-AED0-AD09F7188ECC}.Release|x64.ActiveCfg = Release|Any CPU
		{D1C21016-8D33-4CB6-AED0-AD09F7188ECC}.Release|x64.Build.0 = Release|Any CPU
		{D1C21016-8D33-4CB6-AED0-AD09F7188ECC}.Release|x86.ActiveCfg = Release|Any CPU
		{D1C21016-8D33-4CB6-AED0-AD09F7188ECC}.Release|x86.Build.0 = Release|Any CPU
		{E80EE22E-6335-4B68-A985-AD09E9CA6FBD}.Debug|Any CPU.ActiveCfg = Debug|Any CPU
		{E80EE22E-6335-4B68-A985-AD09E9CA6FBD}.Debug|Any CPU.Build.0 = Debug|Any CPU
		{E80EE22E-6335-4B68-A985-AD09E9CA6FBD}.Debug|x64.ActiveCfg = Debug|Any CPU
		{E80EE22E-6335-4B68-A985-AD09E9CA6FBD}.Debug|x64.Build.0 = Debug|Any CPU
		{E80EE22E-6335-4B68-A985-AD09E9CA6FBD}.Debug|x86.ActiveCfg = Debug|Any CPU
		{E80EE22E-6335-4B68-A985-AD09E9CA6FBD}.Debug|x86.Build.0 = Debug|Any CPU
		{E80EE22E-6335-4B68-A985-AD09E9CA6FBD}.Release|Any CPU.ActiveCfg = Release|Any CPU
		{E80EE22E-6335-4B68-A985-AD09E9CA6FBD}.Release|Any CPU.Build.0 = Release|Any CPU
		{E80EE22E-6335-4B68-A985-AD09E9CA6FBD}.Release|x64.ActiveCfg = Release|Any CPU
		{E80EE22E-6335-4B68-A985-AD09E9CA6FBD}.Release|x64.Build.0 = Release|Any CPU
		{E80EE22E-6335-4B68-A985-AD09E9CA6FBD}.Release|x86.ActiveCfg = Release|Any CPU
		{E80EE22E-6335-4B68-A985-AD09E9CA6FBD}.Release|x86.Build.0 = Release|Any CPU
		{F71CC650-9FB1-4E81-9161-8190763CD153}.Debug|Any CPU.ActiveCfg = Debug|Any CPU
		{F71CC650-9FB1-4E81-9161-8190763CD153}.Debug|Any CPU.Build.0 = Debug|Any CPU
		{F71CC650-9FB1-4E81-9161-8190763CD153}.Debug|x64.ActiveCfg = Debug|Any CPU
		{F71CC650-9FB1-4E81-9161-8190763CD153}.Debug|x64.Build.0 = Debug|Any CPU
		{F71CC650-9FB1-4E81-9161-8190763CD153}.Debug|x86.ActiveCfg = Debug|Any CPU
		{F71CC650-9FB1-4E81-9161-8190763CD153}.Debug|x86.Build.0 = Debug|Any CPU
		{F71CC650-9FB1-4E81-9161-8190763CD153}.Release|Any CPU.ActiveCfg = Release|Any CPU
		{F71CC650-9FB1-4E81-9161-8190763CD153}.Release|Any CPU.Build.0 = Release|Any CPU
		{F71CC650-9FB1-4E81-9161-8190763CD153}.Release|x64.ActiveCfg = Release|Any CPU
		{F71CC650-9FB1-4E81-9161-8190763CD153}.Release|x64.Build.0 = Release|Any CPU
		{F71CC650-9FB1-4E81-9161-8190763CD153}.Release|x86.ActiveCfg = Release|Any CPU
		{F71CC650-9FB1-4E81-9161-8190763CD153}.Release|x86.Build.0 = Release|Any CPU
		{D6D8DD45-B509-CB96-8D36-B14D0F85DE4A}.Debug|x64.ActiveCfg = Debug|Any CPU
		{D6D8DD45-B509-CB96-8D36-B14D0F85DE4A}.Debug|x64.Build.0 = Debug|Any CPU
		{D6D8DD45-B509-CB96-8D36-B14D0F85DE4A}.Debug|x86.ActiveCfg = Debug|Any CPU
		{D6D8DD45-B509-CB96-8D36-B14D0F85DE4A}.Debug|x86.Build.0 = Debug|Any CPU
		{D6D8DD45-B509-CB96-8D36-B14D0F85DE4A}.Release|x64.ActiveCfg = Release|Any CPU
		{D6D8DD45-B509-CB96-8D36-B14D0F85DE4A}.Release|x64.Build.0 = Release|Any CPU
		{D6D8DD45-B509-CB96-8D36-B14D0F85DE4A}.Release|x86.ActiveCfg = Release|Any CPU
		{D6D8DD45-B509-CB96-8D36-B14D0F85DE4A}.Release|x86.Build.0 = Release|Any CPU
		{11608DED-22DF-1F00-4B46-F4A8700157CD}.Debug|x64.ActiveCfg = Debug|Any CPU
		{11608DED-22DF-1F00-4B46-F4A8700157CD}.Debug|x64.Build.0 = Debug|Any CPU
		{11608DED-22DF-1F00-4B46-F4A8700157CD}.Debug|x86.ActiveCfg = Debug|Any CPU
		{11608DED-22DF-1F00-4B46-F4A8700157CD}.Debug|x86.Build.0 = Debug|Any CPU
		{11608DED-22DF-1F00-4B46-F4A8700157CD}.Release|x64.ActiveCfg = Release|Any CPU
		{11608DED-22DF-1F00-4B46-F4A8700157CD}.Release|x64.Build.0 = Release|Any CPU
		{11608DED-22DF-1F00-4B46-F4A8700157CD}.Release|x86.ActiveCfg = Release|Any CPU
		{11608DED-22DF-1F00-4B46-F4A8700157CD}.Release|x86.Build.0 = Release|Any CPU
		{2AE20597-98DF-5D25-29D0-1060BF2F50F6}.Debug|x64.ActiveCfg = Debug|Any CPU
		{2AE20597-98DF-5D25-29D0-1060BF2F50F6}.Debug|x64.Build.0 = Debug|Any CPU
		{2AE20597-98DF-5D25-29D0-1060BF2F50F6}.Debug|x86.ActiveCfg = Debug|Any CPU
		{2AE20597-98DF-5D25-29D0-1060BF2F50F6}.Debug|x86.Build.0 = Debug|Any CPU
		{2AE20597-98DF-5D25-29D0-1060BF2F50F6}.Release|x64.ActiveCfg = Release|Any CPU
		{2AE20597-98DF-5D25-29D0-1060BF2F50F6}.Release|x64.Build.0 = Release|Any CPU
		{2AE20597-98DF-5D25-29D0-1060BF2F50F6}.Release|x86.ActiveCfg = Release|Any CPU
		{2AE20597-98DF-5D25-29D0-1060BF2F50F6}.Release|x86.Build.0 = Release|Any CPU
		{DA7D98ED-FCA0-4DAF-A596-84B5249C69ED}.Debug|Any CPU.ActiveCfg = Debug|Any CPU
		{DA7D98ED-FCA0-4DAF-A596-84B5249C69ED}.Debug|Any CPU.Build.0 = Debug|Any CPU
		{DA7D98ED-FCA0-4DAF-A596-84B5249C69ED}.Debug|x64.ActiveCfg = Debug|Any CPU
		{DA7D98ED-FCA0-4DAF-A596-84B5249C69ED}.Debug|x64.Build.0 = Debug|Any CPU
		{DA7D98ED-FCA0-4DAF-A596-84B5249C69ED}.Debug|x86.ActiveCfg = Debug|Any CPU
		{DA7D98ED-FCA0-4DAF-A596-84B5249C69ED}.Debug|x86.Build.0 = Debug|Any CPU
		{DA7D98ED-FCA0-4DAF-A596-84B5249C69ED}.Release|Any CPU.ActiveCfg = Release|Any CPU
		{DA7D98ED-FCA0-4DAF-A596-84B5249C69ED}.Release|Any CPU.Build.0 = Release|Any CPU
		{DA7D98ED-FCA0-4DAF-A596-84B5249C69ED}.Release|x64.ActiveCfg = Release|Any CPU
		{DA7D98ED-FCA0-4DAF-A596-84B5249C69ED}.Release|x64.Build.0 = Release|Any CPU
		{DA7D98ED-FCA0-4DAF-A596-84B5249C69ED}.Release|x86.ActiveCfg = Release|Any CPU
		{DA7D98ED-FCA0-4DAF-A596-84B5249C69ED}.Release|x86.Build.0 = Release|Any CPU
		{B01C3C50-19B7-44A6-AE2E-16E103D379CE}.Debug|Any CPU.ActiveCfg = Debug|Any CPU
		{B01C3C50-19B7-44A6-AE2E-16E103D379CE}.Debug|Any CPU.Build.0 = Debug|Any CPU
		{B01C3C50-19B7-44A6-AE2E-16E103D379CE}.Debug|x64.ActiveCfg = Debug|Any CPU
		{B01C3C50-19B7-44A6-AE2E-16E103D379CE}.Debug|x64.Build.0 = Debug|Any CPU
		{B01C3C50-19B7-44A6-AE2E-16E103D379CE}.Debug|x86.ActiveCfg = Debug|Any CPU
		{B01C3C50-19B7-44A6-AE2E-16E103D379CE}.Debug|x86.Build.0 = Debug|Any CPU
		{B01C3C50-19B7-44A6-AE2E-16E103D379CE}.Release|Any CPU.ActiveCfg = Release|Any CPU
		{B01C3C50-19B7-44A6-AE2E-16E103D379CE}.Release|Any CPU.Build.0 = Release|Any CPU
		{B01C3C50-19B7-44A6-AE2E-16E103D379CE}.Release|x64.ActiveCfg = Release|Any CPU
		{B01C3C50-19B7-44A6-AE2E-16E103D379CE}.Release|x64.Build.0 = Release|Any CPU
		{B01C3C50-19B7-44A6-AE2E-16E103D379CE}.Release|x86.ActiveCfg = Release|Any CPU
		{B01C3C50-19B7-44A6-AE2E-16E103D379CE}.Release|x86.Build.0 = Release|Any CPU
		{920DAB49-4FFD-40C5-AD5E-6BFA2849780D}.Debug|Any CPU.ActiveCfg = Debug|Any CPU
		{920DAB49-4FFD-40C5-AD5E-6BFA2849780D}.Debug|Any CPU.Build.0 = Debug|Any CPU
		{920DAB49-4FFD-40C5-AD5E-6BFA2849780D}.Debug|x64.ActiveCfg = Debug|Any CPU
		{920DAB49-4FFD-40C5-AD5E-6BFA2849780D}.Debug|x64.Build.0 = Debug|Any CPU
		{920DAB49-4FFD-40C5-AD5E-6BFA2849780D}.Debug|x86.ActiveCfg = Debug|Any CPU
		{920DAB49-4FFD-40C5-AD5E-6BFA2849780D}.Debug|x86.Build.0 = Debug|Any CPU
		{920DAB49-4FFD-40C5-AD5E-6BFA2849780D}.Release|Any CPU.ActiveCfg = Release|Any CPU
		{920DAB49-4FFD-40C5-AD5E-6BFA2849780D}.Release|Any CPU.Build.0 = Release|Any CPU
		{920DAB49-4FFD-40C5-AD5E-6BFA2849780D}.Release|x64.ActiveCfg = Release|Any CPU
		{920DAB49-4FFD-40C5-AD5E-6BFA2849780D}.Release|x64.Build.0 = Release|Any CPU
		{920DAB49-4FFD-40C5-AD5E-6BFA2849780D}.Release|x86.ActiveCfg = Release|Any CPU
		{920DAB49-4FFD-40C5-AD5E-6BFA2849780D}.Release|x86.Build.0 = Release|Any CPU
		{AB8543C2-6D6D-4BDE-A5EB-1CB36F99DC8D}.Debug|Any CPU.ActiveCfg = Debug|Any CPU
		{AB8543C2-6D6D-4BDE-A5EB-1CB36F99DC8D}.Debug|Any CPU.Build.0 = Debug|Any CPU
		{AB8543C2-6D6D-4BDE-A5EB-1CB36F99DC8D}.Debug|x64.ActiveCfg = Debug|Any CPU
		{AB8543C2-6D6D-4BDE-A5EB-1CB36F99DC8D}.Debug|x64.Build.0 = Debug|Any CPU
		{AB8543C2-6D6D-4BDE-A5EB-1CB36F99DC8D}.Debug|x86.ActiveCfg = Debug|Any CPU
		{AB8543C2-6D6D-4BDE-A5EB-1CB36F99DC8D}.Debug|x86.Build.0 = Debug|Any CPU
		{AB8543C2-6D6D-4BDE-A5EB-1CB36F99DC8D}.Release|Any CPU.ActiveCfg = Release|Any CPU
		{AB8543C2-6D6D-4BDE-A5EB-1CB36F99DC8D}.Release|Any CPU.Build.0 = Release|Any CPU
		{AB8543C2-6D6D-4BDE-A5EB-1CB36F99DC8D}.Release|x64.ActiveCfg = Release|Any CPU
		{AB8543C2-6D6D-4BDE-A5EB-1CB36F99DC8D}.Release|x64.Build.0 = Release|Any CPU
		{AB8543C2-6D6D-4BDE-A5EB-1CB36F99DC8D}.Release|x86.ActiveCfg = Release|Any CPU
		{AB8543C2-6D6D-4BDE-A5EB-1CB36F99DC8D}.Release|x86.Build.0 = Release|Any CPU
		{779EB7AF-9440-41F6-8732-F88FDC3020E8}.Debug|Any CPU.ActiveCfg = Debug|Any CPU
		{779EB7AF-9440-41F6-8732-F88FDC3020E8}.Debug|Any CPU.Build.0 = Debug|Any CPU
		{779EB7AF-9440-41F6-8732-F88FDC3020E8}.Debug|x64.ActiveCfg = Debug|Any CPU
		{779EB7AF-9440-41F6-8732-F88FDC3020E8}.Debug|x64.Build.0 = Debug|Any CPU
		{779EB7AF-9440-41F6-8732-F88FDC3020E8}.Debug|x86.ActiveCfg = Debug|Any CPU
		{779EB7AF-9440-41F6-8732-F88FDC3020E8}.Debug|x86.Build.0 = Debug|Any CPU
		{779EB7AF-9440-41F6-8732-F88FDC3020E8}.Release|Any CPU.ActiveCfg = Release|Any CPU
		{779EB7AF-9440-41F6-8732-F88FDC3020E8}.Release|Any CPU.Build.0 = Release|Any CPU
		{779EB7AF-9440-41F6-8732-F88FDC3020E8}.Release|x64.ActiveCfg = Release|Any CPU
		{779EB7AF-9440-41F6-8732-F88FDC3020E8}.Release|x64.Build.0 = Release|Any CPU
		{779EB7AF-9440-41F6-8732-F88FDC3020E8}.Release|x86.ActiveCfg = Release|Any CPU
		{779EB7AF-9440-41F6-8732-F88FDC3020E8}.Release|x86.Build.0 = Release|Any CPU
		{371514B6-7F0C-4F39-A594-71F8D983F1F2}.Debug|Any CPU.ActiveCfg = Debug|Any CPU
		{371514B6-7F0C-4F39-A594-71F8D983F1F2}.Debug|Any CPU.Build.0 = Debug|Any CPU
		{371514B6-7F0C-4F39-A594-71F8D983F1F2}.Debug|x64.ActiveCfg = Debug|Any CPU
		{371514B6-7F0C-4F39-A594-71F8D983F1F2}.Debug|x64.Build.0 = Debug|Any CPU
		{371514B6-7F0C-4F39-A594-71F8D983F1F2}.Debug|x86.ActiveCfg = Debug|Any CPU
		{371514B6-7F0C-4F39-A594-71F8D983F1F2}.Debug|x86.Build.0 = Debug|Any CPU
		{371514B6-7F0C-4F39-A594-71F8D983F1F2}.Release|Any CPU.ActiveCfg = Release|Any CPU
		{371514B6-7F0C-4F39-A594-71F8D983F1F2}.Release|Any CPU.Build.0 = Release|Any CPU
		{371514B6-7F0C-4F39-A594-71F8D983F1F2}.Release|x64.ActiveCfg = Release|Any CPU
		{371514B6-7F0C-4F39-A594-71F8D983F1F2}.Release|x64.Build.0 = Release|Any CPU
		{371514B6-7F0C-4F39-A594-71F8D983F1F2}.Release|x86.ActiveCfg = Release|Any CPU
		{371514B6-7F0C-4F39-A594-71F8D983F1F2}.Release|x86.Build.0 = Release|Any CPU
		{DB9A7D4C-914E-4799-B28F-EF775E35F6EA}.Debug|Any CPU.ActiveCfg = Debug|Any CPU
		{DB9A7D4C-914E-4799-B28F-EF775E35F6EA}.Debug|Any CPU.Build.0 = Debug|Any CPU
		{DB9A7D4C-914E-4799-B28F-EF775E35F6EA}.Debug|x64.ActiveCfg = Debug|Any CPU
		{DB9A7D4C-914E-4799-B28F-EF775E35F6EA}.Debug|x64.Build.0 = Debug|Any CPU
		{DB9A7D4C-914E-4799-B28F-EF775E35F6EA}.Debug|x86.ActiveCfg = Debug|Any CPU
		{DB9A7D4C-914E-4799-B28F-EF775E35F6EA}.Debug|x86.Build.0 = Debug|Any CPU
		{DB9A7D4C-914E-4799-B28F-EF775E35F6EA}.Release|Any CPU.ActiveCfg = Release|Any CPU
		{DB9A7D4C-914E-4799-B28F-EF775E35F6EA}.Release|Any CPU.Build.0 = Release|Any CPU
		{DB9A7D4C-914E-4799-B28F-EF775E35F6EA}.Release|x64.ActiveCfg = Release|Any CPU
		{DB9A7D4C-914E-4799-B28F-EF775E35F6EA}.Release|x64.Build.0 = Release|Any CPU
		{DB9A7D4C-914E-4799-B28F-EF775E35F6EA}.Release|x86.ActiveCfg = Release|Any CPU
		{DB9A7D4C-914E-4799-B28F-EF775E35F6EA}.Release|x86.Build.0 = Release|Any CPU
	EndGlobalSection
	GlobalSection(SolutionProperties) = preSolution
		HideSolutionNode = FALSE
	EndGlobalSection
	GlobalSection(NestedProjects) = preSolution
		{D1C21016-8D33-4CB6-AED0-AD09F7188ECC} = {F1A1A1A0-227C-4A8A-BF89-2CCA62000777}
		{E80EE22E-6335-4B68-A985-AD09E9CA6FBD} = {F1A1A1A0-227C-4A8A-BF89-2CCA62000777}
		{F71CC650-9FB1-4E81-9161-8190763CD153} = {F1A1A1A0-227C-4A8A-BF89-2CCA62000777}
	EndGlobalSection
EndGlobal
