
Microsoft Visual Studio Solution File, Format Version 12.00
# Visual Studio Version 17
VisualStudioVersion = 17.0.31903.59
MinimumVisualStudioVersion = 10.0.40219.1
Project("{2150E333-8FDC-42A3-9474-1A3956D46DE8}") = "services", "services", "{4DD939DE-1855-4349-9F47-9E86895F30D4}"
EndProject
Project("{2150E333-8FDC-42A3-9474-1A3956D46DE8}") = "catalog", "catalog", "{A80CC845-A6E4-4121-87AC-279B0D484C7A}"
EndProject
Project("{2150E333-8FDC-42A3-9474-1A3956D46DE8}") = "catalog-tests", "catalog-tests", "{18EEC3CB-0BF9-4844-A08A-767739B7BA9B}"
EndProject
Project("{2150E333-8FDC-42A3-9474-1A3956D46DE8}") = "catalog-unit", "catalog-unit", "{F9BB6955-79FE-4050-A8C5-214EC486A9E3}"
EndProject
Project("{FAE04EC0-301F-11D3-BF4B-00C04F79EFBC}") = "Catalog.Application.UnitTests", "services\catalog\tests\unit\Catalog.Application.UnitTests\Catalog.Application.UnitTests.csproj", "{500CCE0F-8957-4223-9BCB-1C4C33049F1C}"
EndProject
Project("{FAE04EC0-301F-11D3-BF4B-00C04F79EFBC}") = "Catalog.Domain.UnitTests", "services\catalog\tests\unit\Catalog.Domain.UnitTests\Catalog.Domain.UnitTests.csproj", "{D423D3D1-13AD-43DE-9B96-E67264A0C4AC}"
EndProject
Project("{2150E333-8FDC-42A3-9474-1A3956D46DE8}") = "src", "src", "{081ABE08-A907-4013-80A4-358FBEBCC641}"
EndProject
Project("{FAE04EC0-301F-11D3-BF4B-00C04F79EFBC}") = "Catalog.Infrastructure", "services\catalog\src\Catalog.Infrastructure\Catalog.Infrastructure.csproj", "{A5977D26-87F2-49DF-AB59-FE8D28D5A079}"
EndProject
Project("{FAE04EC0-301F-11D3-BF4B-00C04F79EFBC}") = "Catalog.Domain", "services\catalog\src\Catalog.Domain\Catalog.Domain.csproj", "{37A04118-5D51-46AF-95F8-59989DD53EA1}"
EndProject
Project("{FAE04EC0-301F-11D3-BF4B-00C04F79EFBC}") = "Catalog.Application", "services\catalog\src\Catalog.Application\Catalog.Application.csproj", "{7C70862B-D9E7-4494-83C2-C5E209CBCDD8}"
EndProject
Project("{FAE04EC0-301F-11D3-BF4B-00C04F79EFBC}") = "Catalog.Api", "services\catalog\src\Catalog.Api\Catalog.Api.csproj", "{E435572F-8967-432F-8A9E-62A399C33BA4}"
EndProject
Project("{2150E333-8FDC-42A3-9474-1A3956D46DE8}") = "payment", "payment", "{85EB76FC-C04B-42A2-B078-3FC216C7C820}"
EndProject
Project("{2150E333-8FDC-42A3-9474-1A3956D46DE8}") = "payment-tests", "payment-tests", "{D48EBBD0-01CA-462B-8709-99233A6ABD36}"
EndProject
Project("{2150E333-8FDC-42A3-9474-1A3956D46DE8}") = "payment-unit", "payment-unit", "{C513B0B2-739C-425F-B082-1CA3FE2442FB}"
EndProject
Project("{FAE04EC0-301F-11D3-BF4B-00C04F79EFBC}") = "Payment.Application.UnitTests", "services\payment\tests\unit\Payment.Application.UnitTests\Payment.Application.UnitTests.csproj", "{F2135668-C995-4728-A665-51FC87E2B189}"
EndProject
Project("{FAE04EC0-301F-11D3-BF4B-00C04F79EFBC}") = "Payment.Domain.UnitTests", "services\payment\tests\unit\Payment.Domain.UnitTests\Payment.Domain.UnitTests.csproj", "{C1E140CA-F86D-489F-9A9F-7433AB1498CF}"
EndProject
Project("{2150E333-8FDC-42A3-9474-1A3956D46DE8}") = "src", "src", "{0079E319-EC86-4A62-960B-A6C737FDBF34}"
EndProject
Project("{FAE04EC0-301F-11D3-BF4B-00C04F79EFBC}") = "Payment.Infrastructure", "services\payment\src\Payment.Infrastructure\Payment.Infrastructure.csproj", "{B189115E-B011-43C2-8718-FD6B5CD33273}"
EndProject
Project("{FAE04EC0-301F-11D3-BF4B-00C04F79EFBC}") = "Payment.Application", "services\payment\src\Payment.Application\Payment.Application.csproj", "{D4863C20-4305-4F0A-98FB-B9416848323B}"
EndProject
Project("{FAE04EC0-301F-11D3-BF4B-00C04F79EFBC}") = "Payment.Api", "services\payment\src\Payment.Api\Payment.Api.csproj", "{D2C6C8C5-CCA9-4B0E-9F83-745330558D4E}"
EndProject
Project("{FAE04EC0-301F-11D3-BF4B-00C04F79EFBC}") = "Payment.Domain", "services\payment\src\Payment.Domain\Payment.Domain.csproj", "{C1557563-57C3-475C-903A-E40632F8DDF2}"
EndProject
Project("{2150E333-8FDC-42A3-9474-1A3956D46DE8}") = "identity", "identity", "{ABC1047E-6F01-4C48-8743-52E47DC845D2}"
EndProject
Project("{2150E333-8FDC-42A3-9474-1A3956D46DE8}") = "identity-tests", "identity-tests", "{CA4A70F9-1598-4549-BCC1-B90729FC8BE5}"
EndProject
Project("{2150E333-8FDC-42A3-9474-1A3956D46DE8}") = "identity-unit", "identity-unit", "{0959ECBF-0CA3-441F-835C-F8CD76EBBDDE}"
EndProject
Project("{FAE04EC0-301F-11D3-BF4B-00C04F79EFBC}") = "Identity.UnitTests", "services\identity\tests\unit\Identity.UnitTests\Identity.UnitTests.csproj", "{9A60B8CC-13CC-4DB5-BEA9-3ED4277854FA}"
EndProject
Project("{2150E333-8FDC-42A3-9474-1A3956D46DE8}") = "integration", "integration", "{3D5D0AC4-F0E1-4949-B3DD-23A4C223B34A}"
EndProject
Project("{2150E333-8FDC-42A3-9474-1A3956D46DE8}") = "src", "src", "{30D8425C-008B-4720-9744-5B09034EE4DA}"
EndProject
Project("{FAE04EC0-301F-11D3-BF4B-00C04F79EFBC}") = "Identity.Infrastructure", "services\identity\src\Identity.Infrastructure\Identity.Infrastructure.csproj", "{5DE505CC-9B61-4BF6-B7FD-A0529B647F2E}"
EndProject
Project("{FAE04EC0-301F-11D3-BF4B-00C04F79EFBC}") = "Identity.Domain", "services\identity\src\Identity.Domain\Identity.Domain.csproj", "{8D6FE31C-368D-4E39-9629-EEE8E7F5D2C4}"
EndProject
Project("{FAE04EC0-301F-11D3-BF4B-00C04F79EFBC}") = "Identity.Api", "services\identity\src\Identity.Api\Identity.Api.csproj", "{849C04E7-4869-44AC-97DC-A7F505670C58}"
EndProject
Project("{FAE04EC0-301F-11D3-BF4B-00C04F79EFBC}") = "Identity.Application", "services\identity\src\Identity.Application\Identity.Application.csproj", "{0C02D71A-1AAE-4463-9571-3A53291684E5}"
EndProject
Project("{2150E333-8FDC-42A3-9474-1A3956D46DE8}") = "ordering", "ordering", "{CE01B425-AA71-4B8B-9786-E758013D3D20}"
EndProject
Project("{2150E333-8FDC-42A3-9474-1A3956D46DE8}") = "ordering-tests", "ordering-tests", "{1C5F2F11-1C85-421A-982E-37368179EB5A}"
EndProject
Project("{2150E333-8FDC-42A3-9474-1A3956D46DE8}") = "ordering-unit", "ordering-unit", "{20F33D22-E704-47E2-B648-2D1CB2C21029}"
EndProject
Project("{FAE04EC0-301F-11D3-BF4B-00C04F79EFBC}") = "Ordering.Application.UnitTests", "services\ordering\tests\unit\Ordering.Application.UnitTests\Ordering.Application.UnitTests.csproj", "{C8486F14-8B2F-43AD-9135-4AD255B262F7}"
EndProject
Project("{FAE04EC0-301F-11D3-BF4B-00C04F79EFBC}") = "Ordering.Domain.UnitTests", "services\ordering\tests\unit\Ordering.Domain.UnitTests\Ordering.Domain.UnitTests.csproj", "{62C3F0D3-9451-45FA-AD0B-16B034815F50}"
EndProject
Project("{2150E333-8FDC-42A3-9474-1A3956D46DE8}") = "src", "src", "{0DE9868D-E663-4D1D-9B4A-4F7F7FE52BCC}"
EndProject
Project("{FAE04EC0-301F-11D3-BF4B-00C04F79EFBC}") = "Ordering.Domain", "services\ordering\src\Ordering.Domain\Ordering.Domain.csproj", "{1AC20A5D-AC27-4D35-BBBE-70E85C3C3DD7}"
EndProject
Project("{FAE04EC0-301F-11D3-BF4B-00C04F79EFBC}") = "Ordering.Infrastructure", "services\ordering\src\Ordering.Infrastructure\Ordering.Infrastructure.csproj", "{F9759664-0EE5-4B15-B92B-3F617944F5C2}"
EndProject
Project("{FAE04EC0-301F-11D3-BF4B-00C04F79EFBC}") = "Ordering.Api", "services\ordering\src\Ordering.Api\Ordering.Api.csproj", "{FDEE769F-FD88-4C45-B39F-0652346FE6D6}"
EndProject
Project("{FAE04EC0-301F-11D3-BF4B-00C04F79EFBC}") = "Ordering.Application", "services\ordering\src\Ordering.Application\Ordering.Application.csproj", "{4CCF6573-9365-46C8-9443-3220CE9D3ADE}"
EndProject
Project("{2150E333-8FDC-42A3-9474-1A3956D46DE8}") = "notification", "notification", "{D7FCF230-3534-4590-A3D0-2404ED82A246}"
EndProject
Project("{2150E333-8FDC-42A3-9474-1A3956D46DE8}") = "notification-tests", "notification-tests", "{AFE101D7-3118-45D6-9CBF-E6FAB2264441}"
EndProject
Project("{2150E333-8FDC-42A3-9474-1A3956D46DE8}") = "notification-unit", "notification-unit", "{3BCBBF8F-1CA9-42EF-A833-8D726B2305F8}"
EndProject
Project("{FAE04EC0-301F-11D3-BF4B-00C04F79EFBC}") = "Notification.Application.UnitTests", "services\notification\tests\unit\Notification.Application.UnitTests\Notification.Application.UnitTests.csproj", "{A2455D9D-8072-475E-868A-BF501B5AC0F2}"
EndProject
Project("{FAE04EC0-301F-11D3-BF4B-00C04F79EFBC}") = "Notification.Infrastructure.UnitTests", "services\notification\tests\unit\Notification.Infrastructure.UnitTests\Notification.Infrastructure.UnitTests.csproj", "{85DFB5DC-7768-4AD1-BB87-86A130F92AD3}"
EndProject
Project("{FAE04EC0-301F-11D3-BF4B-00C04F79EFBC}") = "Notification.Domain.UnitTests", "services\notification\tests\unit\Notification.Domain.UnitTests\Notification.Domain.UnitTests.csproj", "{F43F68BC-4261-40A6-8932-F098A3017BEA}"
EndProject
Project("{2150E333-8FDC-42A3-9474-1A3956D46DE8}") = "integration", "integration", "{CB4B8C9E-95BC-4E4E-A211-2B372CA9914F}"
EndProject
Project("{2150E333-8FDC-42A3-9474-1A3956D46DE8}") = "src", "src", "{F0E7C365-29D2-4F00-80B8-E9C7860E1F09}"
EndProject
Project("{FAE04EC0-301F-11D3-BF4B-00C04F79EFBC}") = "Notification.Infrastructure", "services\notification\src\Notification.Infrastructure\Notification.Infrastructure.csproj", "{2CDF0698-1EBA-4778-9958-7DEB5EBFEE3F}"
EndProject
Project("{FAE04EC0-301F-11D3-BF4B-00C04F79EFBC}") = "Notification.Api", "services\notification\src\Notification.Api\Notification.Api.csproj", "{BF89E0A2-CB5F-4937-B0AA-6A78942E4675}"
EndProject
Project("{FAE04EC0-301F-11D3-BF4B-00C04F79EFBC}") = "Notification.Domain", "services\notification\src\Notification.Domain\Notification.Domain.csproj", "{B53CC0B2-7F89-4E12-8B33-EAE85E08A4FC}"
EndProject
Project("{FAE04EC0-301F-11D3-BF4B-00C04F79EFBC}") = "Notification.Application", "services\notification\src\Notification.Application\Notification.Application.csproj", "{0DDA236A-CEDF-4180-81E8-962B5E256E50}"
EndProject
Project("{2150E333-8FDC-42A3-9474-1A3956D46DE8}") = "fulfillment", "fulfillment", "{60618668-8992-4E80-8FBC-4714AF334038}"
EndProject
Project("{2150E333-8FDC-42A3-9474-1A3956D46DE8}") = "fulfillment-tests", "fulfillment-tests", "{415F191A-1D74-46B3-B623-8A4E1757CDE0}"
EndProject
Project("{2150E333-8FDC-42A3-9474-1A3956D46DE8}") = "fulfillment-unit", "fulfillment-unit", "{29B74CF4-5A35-4ADA-A55B-15A71C5A9049}"
EndProject
Project("{FAE04EC0-301F-11D3-BF4B-00C04F79EFBC}") = "Fulfillment.Domain.UnitTests", "services\fulfillment\tests\unit\Fulfillment.Domain.UnitTests\Fulfillment.Domain.UnitTests.csproj", "{13FA3FA6-5BE9-46A8-88AD-0499BE2CE796}"
EndProject
Project("{FAE04EC0-301F-11D3-BF4B-00C04F79EFBC}") = "Fulfillment.Application.UnitTests", "services\fulfillment\tests\unit\Fulfillment.Application.UnitTests\Fulfillment.Application.UnitTests.csproj", "{15E0F2E1-7581-48BC-A103-FC11BA6A035F}"
EndProject
Project("{2150E333-8FDC-42A3-9474-1A3956D46DE8}") = "src", "src", "{9B577947-2ACD-4A24-9FB7-76784D94688C}"
EndProject
Project("{FAE04EC0-301F-11D3-BF4B-00C04F79EFBC}") = "Fulfillment.Domain", "services\fulfillment\src\Fulfillment.Domain\Fulfillment.Domain.csproj", "{315D40EB-7978-4A04-AC26-E004AD3CE05A}"
EndProject
Project("{FAE04EC0-301F-11D3-BF4B-00C04F79EFBC}") = "Fulfillment.Api", "services\fulfillment\src\Fulfillment.Api\Fulfillment.Api.csproj", "{12AD75E8-07FF-40E0-AAE0-ABA17126D528}"
EndProject
Project("{FAE04EC0-301F-11D3-BF4B-00C04F79EFBC}") = "Fulfillment.Infrastructure", "services\fulfillment\src\Fulfillment.Infrastructure\Fulfillment.Infrastructure.csproj", "{EE86431E-B231-4025-9D08-A8E74C198F66}"
EndProject
Project("{FAE04EC0-301F-11D3-BF4B-00C04F79EFBC}") = "Fulfillment.Application", "services\fulfillment\src\Fulfillment.Application\Fulfillment.Application.csproj", "{8F068729-9A97-473C-A7FB-D508F20544E3}"
EndProject
Project("{2150E333-8FDC-42A3-9474-1A3956D46DE8}") = "inventory", "inventory", "{73D2BD19-DD86-4F37-A150-83297ABAD49D}"
EndProject
Project("{2150E333-8FDC-42A3-9474-1A3956D46DE8}") = "inventory-tests", "inventory-tests", "{402F5E7F-3C21-4ED4-B458-6CEB997215D2}"
EndProject
Project("{2150E333-8FDC-42A3-9474-1A3956D46DE8}") = "inventory-unit", "inventory-unit", "{00387165-1B7E-4AB6-A184-CF56ED515C7C}"
EndProject
Project("{FAE04EC0-301F-11D3-BF4B-00C04F79EFBC}") = "Inventory.UnitTests", "services\inventory\tests\unit\Inventory.UnitTests\Inventory.UnitTests.csproj", "{45992DF4-D080-4C9B-8F0E-D37DFB14E6F1}"
EndProject
Project("{2150E333-8FDC-42A3-9474-1A3956D46DE8}") = "integration", "integration", "{33122E1B-FB77-471B-A564-144142B9CE4C}"
EndProject
Project("{2150E333-8FDC-42A3-9474-1A3956D46DE8}") = "src", "src", "{5712AAAC-9E3D-41A7-A867-32036A200353}"
EndProject
Project("{FAE04EC0-301F-11D3-BF4B-00C04F79EFBC}") = "Inventory.Api", "services\inventory\src\Inventory.Api\Inventory.Api.csproj", "{587385EB-FAE9-422D-8BBD-D6222FF9C981}"
EndProject
Project("{FAE04EC0-301F-11D3-BF4B-00C04F79EFBC}") = "Inventory.Infrastructure", "services\inventory\src\Inventory.Infrastructure\Inventory.Infrastructure.csproj", "{40BE99B4-C6A9-493C-8EF7-91868A3CA39F}"
EndProject
Project("{FAE04EC0-301F-11D3-BF4B-00C04F79EFBC}") = "Inventory.Domain", "services\inventory\src\Inventory.Domain\Inventory.Domain.csproj", "{FF3A23AE-8FC7-442C-BFE7-7A1A62B41F95}"
EndProject
Project("{FAE04EC0-301F-11D3-BF4B-00C04F79EFBC}") = "Inventory.Application", "services\inventory\src\Inventory.Application\Inventory.Application.csproj", "{59B0234C-0B44-4514-AB81-56D5E00DA368}"
EndProject
Global
	GlobalSection(SolutionConfigurationPlatforms) = preSolution
		Debug|Any CPU = Debug|Any CPU
		Release|Any CPU = Release|Any CPU
	EndGlobalSection
	GlobalSection(SolutionProperties) = preSolution
		HideSolutionNode = FALSE
	EndGlobalSection
	GlobalSection(ProjectConfigurationPlatforms) = postSolution
		{500CCE0F-8957-4223-9BCB-1C4C33049F1C}.Debug|Any CPU.ActiveCfg = Debug|Any CPU
		{500CCE0F-8957-4223-9BCB-1C4C33049F1C}.Debug|Any CPU.Build.0 = Debug|Any CPU
		{500CCE0F-8957-4223-9BCB-1C4C33049F1C}.Release|Any CPU.ActiveCfg = Release|Any CPU
		{500CCE0F-8957-4223-9BCB-1C4C33049F1C}.Release|Any CPU.Build.0 = Release|Any CPU
		{D423D3D1-13AD-43DE-9B96-E67264A0C4AC}.Debug|Any CPU.ActiveCfg = Debug|Any CPU
		{D423D3D1-13AD-43DE-9B96-E67264A0C4AC}.Debug|Any CPU.Build.0 = Debug|Any CPU
		{D423D3D1-13AD-43DE-9B96-E67264A0C4AC}.Release|Any CPU.ActiveCfg = Release|Any CPU
		{D423D3D1-13AD-43DE-9B96-E67264A0C4AC}.Release|Any CPU.Build.0 = Release|Any CPU
		{A5977D26-87F2-49DF-AB59-FE8D28D5A079}.Debug|Any CPU.ActiveCfg = Debug|Any CPU
		{A5977D26-87F2-49DF-AB59-FE8D28D5A079}.Debug|Any CPU.Build.0 = Debug|Any CPU
		{A5977D26-87F2-49DF-AB59-FE8D28D5A079}.Release|Any CPU.ActiveCfg = Release|Any CPU
		{A5977D26-87F2-49DF-AB59-FE8D28D5A079}.Release|Any CPU.Build.0 = Release|Any CPU
		{37A04118-5D51-46AF-95F8-59989DD53EA1}.Debug|Any CPU.ActiveCfg = Debug|Any CPU
		{37A04118-5D51-46AF-95F8-59989DD53EA1}.Debug|Any CPU.Build.0 = Debug|Any CPU
		{37A04118-5D51-46AF-95F8-59989DD53EA1}.Release|Any CPU.ActiveCfg = Release|Any CPU
		{37A04118-5D51-46AF-95F8-59989DD53EA1}.Release|Any CPU.Build.0 = Release|Any CPU
		{7C70862B-D9E7-4494-83C2-C5E209CBCDD8}.Debug|Any CPU.ActiveCfg = Debug|Any CPU
		{7C70862B-D9E7-4494-83C2-C5E209CBCDD8}.Debug|Any CPU.Build.0 = Debug|Any CPU
		{7C70862B-D9E7-4494-83C2-C5E209CBCDD8}.Release|Any CPU.ActiveCfg = Release|Any CPU
		{7C70862B-D9E7-4494-83C2-C5E209CBCDD8}.Release|Any CPU.Build.0 = Release|Any CPU
		{E435572F-8967-432F-8A9E-62A399C33BA4}.Debug|Any CPU.ActiveCfg = Debug|Any CPU
		{E435572F-8967-432F-8A9E-62A399C33BA4}.Debug|Any CPU.Build.0 = Debug|Any CPU
		{E435572F-8967-432F-8A9E-62A399C33BA4}.Release|Any CPU.ActiveCfg = Release|Any CPU
		{E435572F-8967-432F-8A9E-62A399C33BA4}.Release|Any CPU.Build.0 = Release|Any CPU
		{F2135668-C995-4728-A665-51FC87E2B189}.Debug|Any CPU.ActiveCfg = Debug|Any CPU
		{F2135668-C995-4728-A665-51FC87E2B189}.Debug|Any CPU.Build.0 = Debug|Any CPU
		{F2135668-C995-4728-A665-51FC87E2B189}.Release|Any CPU.ActiveCfg = Release|Any CPU
		{F2135668-C995-4728-A665-51FC87E2B189}.Release|Any CPU.Build.0 = Release|Any CPU
		{C1E140CA-F86D-489F-9A9F-7433AB1498CF}.Debug|Any CPU.ActiveCfg = Debug|Any CPU
		{C1E140CA-F86D-489F-9A9F-7433AB1498CF}.Debug|Any CPU.Build.0 = Debug|Any CPU
		{C1E140CA-F86D-489F-9A9F-7433AB1498CF}.Release|Any CPU.ActiveCfg = Release|Any CPU
		{C1E140CA-F86D-489F-9A9F-7433AB1498CF}.Release|Any CPU.Build.0 = Release|Any CPU
		{B189115E-B011-43C2-8718-FD6B5CD33273}.Debug|Any CPU.ActiveCfg = Debug|Any CPU
		{B189115E-B011-43C2-8718-FD6B5CD33273}.Debug|Any CPU.Build.0 = Debug|Any CPU
		{B189115E-B011-43C2-8718-FD6B5CD33273}.Release|Any CPU.ActiveCfg = Release|Any CPU
		{B189115E-B011-43C2-8718-FD6B5CD33273}.Release|Any CPU.Build.0 = Release|Any CPU
		{D4863C20-4305-4F0A-98FB-B9416848323B}.Debug|Any CPU.ActiveCfg = Debug|Any CPU
		{D4863C20-4305-4F0A-98FB-B9416848323B}.Debug|Any CPU.Build.0 = Debug|Any CPU
		{D4863C20-4305-4F0A-98FB-B9416848323B}.Release|Any CPU.ActiveCfg = Release|Any CPU
		{D4863C20-4305-4F0A-98FB-B9416848323B}.Release|Any CPU.Build.0 = Release|Any CPU
		{D2C6C8C5-CCA9-4B0E-9F83-745330558D4E}.Debug|Any CPU.ActiveCfg = Debug|Any CPU
		{D2C6C8C5-CCA9-4B0E-9F83-745330558D4E}.Debug|Any CPU.Build.0 = Debug|Any CPU
		{D2C6C8C5-CCA9-4B0E-9F83-745330558D4E}.Release|Any CPU.ActiveCfg = Release|Any CPU
		{D2C6C8C5-CCA9-4B0E-9F83-745330558D4E}.Release|Any CPU.Build.0 = Release|Any CPU
		{C1557563-57C3-475C-903A-E40632F8DDF2}.Debug|Any CPU.ActiveCfg = Debug|Any CPU
		{C1557563-57C3-475C-903A-E40632F8DDF2}.Debug|Any CPU.Build.0 = Debug|Any CPU
		{C1557563-57C3-475C-903A-E40632F8DDF2}.Release|Any CPU.ActiveCfg = Release|Any CPU
		{C1557563-57C3-475C-903A-E40632F8DDF2}.Release|Any CPU.Build.0 = Release|Any CPU
		{9A60B8CC-13CC-4DB5-BEA9-3ED4277854FA}.Debug|Any CPU.ActiveCfg = Debug|Any CPU
		{9A60B8CC-13CC-4DB5-BEA9-3ED4277854FA}.Debug|Any CPU.Build.0 = Debug|Any CPU
		{9A60B8CC-13CC-4DB5-BEA9-3ED4277854FA}.Release|Any CPU.ActiveCfg = Release|Any CPU
		{9A60B8CC-13CC-4DB5-BEA9-3ED4277854FA}.Release|Any CPU.Build.0 = Release|Any CPU
