
Microsoft Visual Studio Solution File, Format Version 12.00
# Visual Studio Version 17
VisualStudioVersion = 17.5.2.0
MinimumVisualStudioVersion = 10.0.40219.1
Project("{2150E333-8FDC-42A3-9474-1A3956D46DE8}") = "services", "services", "{5854FF58-B8C5-05C6-5BF2-ACE42193F22B}"
EndProject
Project("{FAE04EC0-301F-11D3-BF4B-00C04F79EFBC}") = "Identity.Api", "services\identity\src\Identity.Api\Identity.Api.csproj", "{97543158-5713-3378-C141-519FD6E56162}"
EndProject
Project("{FAE04EC0-301F-11D3-BF4B-00C04F79EFBC}") = "Catalog.Api", "services\catalog\src\Api\Catalog.Api.csproj", "{B788ECC6-0C11-F4B0-8A61-67A3C62F07ED}"
EndProject
Project("{FAE04EC0-301F-11D3-BF4B-00C04F79EFBC}") = "Inventory.Api", "services\inventory\src\Inventory.Api\Inventory.Api.csproj", "{142B4725-FA46-1225-D796-C85B80F4A179}"
EndProject
Project("{FAE04EC0-301F-11D3-BF4B-00C04F79EFBC}") = "Ordering.Api", "services\ordering\src\Api\Ordering.Api.csproj", "{F5009CA5-1162-6506-A91E-3177203CFE49}"
EndProject
Project("{2150E333-8FDC-42A3-9474-1A3956D46DE8}") = "identity", "identity", "{357A7C97-5AE1-023F-1442-0D9F9AF22A31}"
EndProject
Project("{2150E333-8FDC-42A3-9474-1A3956D46DE8}") = "tests", "tests", "{24EE6AB2-D02D-7346-F780-6A87209C839F}"
EndProject
Project("{FAE04EC0-301F-11D3-BF4B-00C04F79EFBC}") = "Identity.UnitTests", "services\identity\tests\Identity.UnitTests\Identity.UnitTests.csproj", "{00C983F2-7723-4D25-846D-CF60B6104325}"
EndProject
Project("{2150E333-8FDC-42A3-9474-1A3956D46DE8}") = "src", "src", "{11349CFE-E14E-3001-C5E9-551783699504}"
EndProject
Project("{FAE04EC0-301F-11D3-BF4B-00C04F79EFBC}") = "Identity.Domain", "services\identity\src\Identity.Domain\Identity.Domain.csproj", "{01688D0E-6648-48EF-A6F8-C1078B0102CC}"
EndProject
Project("{FAE04EC0-301F-11D3-BF4B-00C04F79EFBC}") = "Identity.Application", "services\identity\src\Identity.Application\Identity.Application.csproj", "{04239D89-6C38-496F-8088-3A93719C5B10}"
EndProject
Project("{2150E333-8FDC-42A3-9474-1A3956D46DE8}") = "inventory", "inventory", "{E968773F-A3F0-8B5A-CFB8-BE121AA8E63F}"
EndProject
Project("{2150E333-8FDC-42A3-9474-1A3956D46DE8}") = "tests", "tests", "{F8AF3D45-4AFB-8D53-0BFD-9C3932D21D8E}"
EndProject
Project("{FAE04EC0-301F-11D3-BF4B-00C04F79EFBC}") = "Inventory.UnitTests", "services\inventory\tests\Inventory.UnitTests\Inventory.UnitTests.csproj", "{370FD3E4-673B-45B9-AD10-B8451C6753E2}"
EndProject
Project("{2150E333-8FDC-42A3-9474-1A3956D46DE8}") = "src", "src", "{60AB97C5-5A84-D312-BDAA-23917E573DDB}"
EndProject
Project("{FAE04EC0-301F-11D3-BF4B-00C04F79EFBC}") = "Inventory.Domain", "services\inventory\src\Inventory.Domain\Inventory.Domain.csproj", "{4A1B7B3E-57EA-41A3-B1C2-32760D0C5477}"
EndProject
Project("{FAE04EC0-301F-11D3-BF4B-00C04F79EFBC}") = "Inventory.Application", "services\inventory\src\Inventory.Application\Inventory.Application.csproj", "{E7E046B2-856F-4B1B-B056-1214A4A9018C}"
EndProject
Project("{FAE04EC0-301F-11D3-BF4B-00C04F79EFBC}") = "Inventory.Infrastructure", "services\inventory\src\Inventory.Infrastructure\Inventory.Infrastructure.csproj", "{0CC06861-4579-4AEC-94F3-F7134899C760}"
EndProject
Project("{2150E333-8FDC-42A3-9474-1A3956D46DE8}") = "notification", "notification", "{06470F13-D646-4954-ED4A-FA216054436A}"
EndProject
Project("{2150E333-8FDC-42A3-9474-1A3956D46DE8}") = "src", "src", "{8F92B431-7114-C16D-7B8D-1A63B3CF6875}"
EndProject
Project("{2150E333-8FDC-42A3-9474-1A3956D46DE8}") = "Domain", "Domain", "{98535A68-9D8D-E9D6-510F-FA0DF62E7A02}"
EndProject
Project("{FAE04EC0-301F-11D3-BF4B-00C04F79EFBC}") = "Notification.Domain", "services\notification\src\Domain\Notification.Domain.csproj", "{4C9F8CC9-3C61-40B5-8AA6-E391D9841000}"
EndProject
Project("{2150E333-8FDC-42A3-9474-1A3956D46DE8}") = "Application", "Application", "{597ABE83-CFD8-BA62-9C26-2BFC2EB1CDBD}"
EndProject
Project("{FAE04EC0-301F-11D3-BF4B-00C04F79EFBC}") = "Notification.Application", "services\notification\src\Application\Notification.Application.csproj", "{79749BC1-BE81-4580-A9D4-7EEA92A69495}"
EndProject
Project("{2150E333-8FDC-42A3-9474-1A3956D46DE8}") = "tests", "tests", "{428F4B99-902C-FC4B-8D32-09714F842F15}"
EndProject
Project("{FAE04EC0-301F-11D3-BF4B-00C04F79EFBC}") = "Notification.Domain.UnitTests", "services\notification\tests\Notification.Domain.UnitTests\Notification.Domain.UnitTests.csproj", "{0DF43500-329F-478D-93C8-EF282261ED65}"
EndProject
Project("{FAE04EC0-301F-11D3-BF4B-00C04F79EFBC}") = "Notification.Application.UnitTests", "services\notification\tests\Notification.Application.UnitTests\Notification.Application.UnitTests.csproj", "{E648B83B-D7AF-400E-901E-FEBDAF1968DD}"
EndProject
Project("{2150E333-8FDC-42A3-9474-1A3956D46DE8}") = "Infrastructure", "Infrastructure", "{9F0AC42A-AFE5-D77E-69A5-72151744C5E0}"
EndProject
Project("{FAE04EC0-301F-11D3-BF4B-00C04F79EFBC}") = "Notification.Infrastructure", "services\notification\src\Infrastructure\Notification.Infrastructure.csproj", "{B94A4D34-49C0-49FA-8CAE-368498E6CD56}"
EndProject
Global
	GlobalSection(SolutionConfigurationPlatforms) = preSolution
		Debug|Any CPU = Debug|Any CPU
		Debug|x64 = Debug|x64
		Debug|x86 = Debug|x86
		Release|Any CPU = Release|Any CPU
		Release|x64 = Release|x64
		Release|x86 = Release|x86
	EndGlobalSection
	GlobalSection(ProjectConfigurationPlatforms) = postSolution
		{97543158-5713-3378-C141-519FD6E56162}.Debug|Any CPU.ActiveCfg = Debug|Any CPU
		{97543158-5713-3378-C141-519FD6E56162}.Debug|Any CPU.Build.0 = Debug|Any CPU
		{97543158-5713-3378-C141-519FD6E56162}.Debug|x64.ActiveCfg = Debug|Any CPU
		{97543158-5713-3378-C141-519FD6E56162}.Debug|x64.Build.0 = Debug|Any CPU
		{97543158-5713-3378-C141-519FD6E56162}.Debug|x86.ActiveCfg = Debug|Any CPU
		{97543158-5713-3378-C141-519FD6E56162}.Debug|x86.Build.0 = Debug|Any CPU
		{97543158-5713-3378-C141-519FD6E56162}.Release|Any CPU.ActiveCfg = Release|Any CPU
		{97543158-5713-3378-C141-519FD6E56162}.Release|Any CPU.Build.0 = Release|Any CPU
		{97543158-5713-3378-C141-519FD6E56162}.Release|x64.ActiveCfg = Release|Any CPU
		{97543158-5713-3378-C141-519FD6E56162}.Release|x64.Build.0 = Release|Any CPU
		{97543158-5713-3378-C141-519FD6E56162}.Release|x86.ActiveCfg = Release|Any CPU
		{97543158-5713-3378-C141-519FD6E56162}.Release|x86.Build.0 = Release|Any CPU
		{B788ECC6-0C11-F4B0-8A61-67A3C62F07ED}.Debug|x64.ActiveCfg = Debug|Any CPU
		{B788ECC6-0C11-F4B0-8A61-67A3C62F07ED}.Debug|x64.Build.0 = Debug|Any CPU
		{B788ECC6-0C11-F4B0-8A61-67A3C62F07ED}.Debug|x86.ActiveCfg = Debug|Any CPU
		{B788ECC6-0C11-F4B0-8A61-67A3C62F07ED}.Debug|x86.Build.0 = Debug|Any CPU
		{B788ECC6-0C11-F4B0-8A61-67A3C62F07ED}.Release|x64.ActiveCfg = Release|Any CPU
		{B788ECC6-0C11-F4B0-8A61-67A3C62F07ED}.Release|x64.Build.0 = Release|Any CPU
		{B788ECC6-0C11-F4B0-8A61-67A3C62F07ED}.Release|x86.ActiveCfg = Release|Any CPU
		{B788ECC6-0C11-F4B0-8A61-67A3C62F07ED}.Release|x86.Build.0 = Release|Any CPU
		{142B4725-FA46-1225-D796-C85B80F4A179}.Debug|x64.ActiveCfg = Debug|Any CPU
		{142B4725-FA46-1225-D796-C85B80F4A179}.Debug|x64.Build.0 = Debug|Any CPU
		{142B4725-FA46-1225-D796-C85B80F4A179}.Debug|x86.ActiveCfg = Debug|Any CPU
		{142B4725-FA46-1225-D796-C85B80F4A179}.Debug|x86.Build.0 = Debug|Any CPU
		{142B4725-FA46-1225-D796-C85B80F4A179}.Release|x64.ActiveCfg = Release|Any CPU
		{142B4725-FA46-1225-D796-C85B80F4A179}.Release|x64.Build.0 = Release|Any CPU
		{142B4725-FA46-1225-D796-C85B80F4A179}.Release|x86.ActiveCfg = Release|Any CPU
		{142B4725-FA46-1225-D796-C85B80F4A179}.Release|x86.Build.0 = Release|Any CPU
		{F5009CA5-1162-6506-A91E-3177203CFE49}.Debug|x64.ActiveCfg = Debug|Any CPU
		{F5009CA5-1162-6506-A91E-3177203CFE49}.Debug|x64.Build.0 = Debug|Any CPU
		{F5009CA5-1162-6506-A91E-3177203CFE49}.Debug|x86.ActiveCfg = Debug|Any CPU
		{F5009CA5-1162-6506-A91E-3177203CFE49}.Debug|x86.Build.0 = Debug|Any CPU
		{F5009CA5-1162-6506-A91E-3177203CFE49}.Release|x64.ActiveCfg = Release|Any CPU
		{F5009CA5-1162-6506-A91E-3177203CFE49}.Release|x64.Build.0 = Release|Any CPU
		{F5009CA5-1162-6506-A91E-3177203CFE49}.Release|x86.ActiveCfg = Release|Any CPU
		{F5009CA5-1162-6506-A91E-3177203CFE49}.Release|x86.Build.0 = Release|Any CPU
		{00C983F2-7723-4D25-846D-CF60B6104325}.Debug|Any CPU.ActiveCfg = Debug|Any CPU
		{00C983F2-7723-4D25-846D-CF60B6104325}.Debug|Any CPU.Build.0 = Debug|Any CPU
		{00C983F2-7723-4D25-846D-CF60B6104325}.Debug|x64.ActiveCfg = Debug|Any CPU
		{00C983F2-7723-4D25-846D-CF60B6104325}.Debug|x64.Build.0 = Debug|Any CPU
		{00C983F2-7723-4D25-846D-CF60B6104325}.Debug|x86.ActiveCfg = Debug|Any CPU
		{00C983F2-7723-4D25-846D-CF60B6104325}.Debug|x86.Build.0 = Debug|Any CPU
		{00C983F2-7723-4D25-846D-CF60B6104325}.Release|Any CPU.ActiveCfg = Release|Any CPU
		{00C983F2-7723-4D25-846D-CF60B6104325}.Release|Any CPU.Build.0 = Release|Any CPU
		{00C983F2-7723-4D25-846D-CF60B6104325}.Release|x64.ActiveCfg = Release|Any CPU
		{00C983F2-7723-4D25-846D-CF60B6104325}.Release|x64.Build.0 = Release|Any CPU
		{00C983F2-7723-4D25-846D-CF60B6104325}.Release|x86.ActiveCfg = Release|Any CPU
		{00C983F2-7723-4D25-846D-CF60B6104325}.Release|x86.Build.0 = Release|Any CPU
		{01688D0E-6648-48EF-A6F8-C1078B0102CC}.Debug|Any CPU.ActiveCfg = Debug|Any CPU
		{01688D0E-6648-48EF-A6F8-C1078B0102CC}.Debug|Any CPU.Build.0 = Debug|Any CPU
		{01688D0E-6648-48EF-A6F8-C1078B0102CC}.Debug|x64.ActiveCfg = Debug|Any CPU
		{01688D0E-6648-48EF-A6F8-C1078B0102CC}.Debug|x64.Build.0 = Debug|Any CPU
		{01688D0E-6648-48EF-A6F8-C1078B0102CC}.Debug|x86.ActiveCfg = Debug|Any CPU
		{01688D0E-6648-48EF-A6F8-C1078B0102CC}.Debug|x86.Build.0 = Debug|Any CPU
		{01688D0E-6648-48EF-A6F8-C1078B0102CC}.Release|Any CPU.ActiveCfg = Release|Any CPU
		{01688D0E-6648-48EF-A6F8-C1078B0102CC}.Release|Any CPU.Build.0 = Release|Any CPU
		{01688D0E-6648-48EF-A6F8-C1078B0102CC}.Release|x64.ActiveCfg = Release|Any CPU
		{01688D0E-6648-48EF-A6F8-C1078B0102CC}.Release|x64.Build.0 = Release|Any CPU
		{01688D0E-6648-48EF-A6F8-C1078B0102CC}.Release|x86.ActiveCfg = Release|Any CPU
		{01688D0E-6648-48EF-A6F8-C1078B0102CC}.Release|x86.Build.0 = Release|Any CPU
		{04239D89-6C38-496F-8088-3A93719C5B10}.Debug|Any CPU.ActiveCfg = Debug|Any CPU
		{04239D89-6C38-496F-8088-3A93719C5B10}.Debug|Any CPU.Build.0 = Debug|Any CPU
		{04239D89-6C38-496F-8088-3A93719C5B10}.Debug|x64.ActiveCfg = Debug|Any CPU
		{04239D89-6C38-496F-8088-3A93719C5B10}.Debug|x64.Build.0 = Debug|Any CPU
		{04239D89-6C38-496F-8088-3A93719C5B10}.Debug|x86.ActiveCfg = Debug|Any CPU
		{04239D89-6C38-496F-8088-3A93719C5B10}.Debug|x86.Build.0 = Debug|Any CPU
		{04239D89-6C38-496F-8088-3A93719C5B10}.Release|Any CPU.ActiveCfg = Release|Any CPU
		{04239D89-6C38-496F-8088-3A93719C5B10}.Release|Any CPU.Build.0 = Release|Any CPU
		{04239D89-6C38-496F-8088-3A93719C5B10}.Release|x64.ActiveCfg = Release|Any CPU
		{04239D89-6C38-496F-8088-3A93719C5B10}.Release|x64.Build.0 = Release|Any CPU
		{04239D89-6C38-496F-8088-3A93719C5B10}.Release|x86.ActiveCfg = Release|Any CPU
		{04239D89-6C38-496F-8088-3A93719C5B10}.Release|x86.Build.0 = Release|Any CPU
		{370FD3E4-673B-45B9-AD10-B8451C6753E2}.Debug|Any CPU.ActiveCfg = Debug|Any CPU
		{370FD3E4-673B-45B9-AD10-B8451C6753E2}.Debug|Any CPU.Build.0 = Debug|Any CPU
		{370FD3E4-673B-45B9-AD10-B8451C6753E2}.Debug|x64.ActiveCfg = Debug|Any CPU
		{370FD3E4-673B-45B9-AD10-B8451C6753E2}.Debug|x64.Build.0 = Debug|Any CPU
		{370FD3E4-673B-45B9-AD10-B8451C6753E2}.Debug|x86.ActiveCfg = Debug|Any CPU
		{370FD3E4-673B-45B9-AD10-B8451C6753E2}.Debug|x86.Build.0 = Debug|Any CPU
		{370FD3E4-673B-45B9-AD10-B8451C6753E2}.Release|Any CPU.ActiveCfg = Release|Any CPU
		{370FD3E4-673B-45B9-AD10-B8451C6753E2}.Release|Any CPU.Build.0 = Release|Any CPU
		{370FD3E4-673B-45B9-AD10-B8451C6753E2}.Release|x64.ActiveCfg = Release|Any CPU
		{370FD3E4-673B-45B9-AD10-B8451C6753E2}.Release|x64.Build.0 = Release|Any CPU
		{370FD3E4-673B-45B9-AD10-B8451C6753E2}.Release|x86.ActiveCfg = Release|Any CPU
		{370FD3E4-673B-45B9-AD10-B8451C6753E2}.Release|x86.Build.0 = Release|Any CPU
		{4A1B7B3E-57EA-41A3-B1C2-32760D0C5477}.Debug|Any CPU.ActiveCfg = Debug|Any CPU
		{4A1B7B3E-57EA-41A3-B1C2-32760D0C5477}.Debug|Any CPU.Build.0 = Debug|Any CPU
		{4A1B7B3E-57EA-41A3-B1C2-32760D0C5477}.Debug|x64.ActiveCfg = Debug|Any CPU
		{4A1B7B3E-57EA-41A3-B1C2-32760D0C5477}.Debug|x64.Build.0 = Debug|Any CPU
		{4A1B7B3E-57EA-41A3-B1C2-32760D0C5477}.Debug|x86.ActiveCfg = Debug|Any CPU
		{4A1B7B3E-57EA-41A3-B1C2-32760D0C5477}.Debug|x86.Build.0 = Debug|Any CPU
		{4A1B7B3E-57EA-41A3-B1C2-32760D0C5477}.Release|Any CPU.ActiveCfg = Release|Any CPU
		{4A1B7B3E-57EA-41A3-B1C2-32760D0C5477}.Release|Any CPU.Build.0 = Release|Any CPU
		{4A1B7B3E-57EA-41A3-B1C2-32760D0C5477}.Release|x64.ActiveCfg = Release|Any CPU
		{4A1B7B3E-57EA-41A3-B1C2-32760D0C5477}.Release|x64.Build.0 = Release|Any CPU
		{4A1B7B3E-57EA-41A3-B1C2-32760D0C5477}.Release|x86.ActiveCfg = Release|Any CPU
		{4A1B7B3E-57EA-41A3-B1C2-32760D0C5477}.Release|x86.Build.0 = Release|Any CPU
		{E7E046B2-856F-4B1B-B056-1214A4A9018C}.Debug|Any CPU.ActiveCfg = Debug|Any CPU
		{E7E046B2-856F-4B1B-B056-1214A4A9018C}.Debug|Any CPU.Build.0 = Debug|Any CPU
		{E7E046B2-856F-4B1B-B056-1214A4A9018C}.Debug|x64.ActiveCfg = Debug|Any CPU
		{E7E046B2-856F-4B1B-B056-1214A4A9018C}.Debug|x64.Build.0 = Debug|Any CPU
		{E7E046B2-856F-4B1B-B056-1214A4A9018C}.Debug|x86.ActiveCfg = Debug|Any CPU
		{E7E046B2-856F-4B1B-B056-1214A4A9018C}.Debug|x86.Build.0 = Debug|Any CPU
		{E7E046B2-856F-4B1B-B056-1214A4A9018C}.Release|Any CPU.ActiveCfg = Release|Any CPU
		{E7E046B2-856F-4B1B-B056-1214A4A9018C}.Release|Any CPU.Build.0 = Release|Any CPU
		{E7E046B2-856F-4B1B-B056-1214A4A9018C}.Release|x64.ActiveCfg = Release|Any CPU
		{E7E046B2-856F-4B1B-B056-1214A4A9018C}.Release|x64.Build.0 = Release|Any CPU
		{E7E046B2-856F-4B1B-B056-1214A4A9018C}.Release|x86.ActiveCfg = Release|Any CPU
		{E7E046B2-856F-4B1B-B056-1214A4A9018C}.Release|x86.Build.0 = Release|Any CPU
		{0CC06861-4579-4AEC-94F3-F7134899C760}.Debug|Any CPU.ActiveCfg = Debug|Any CPU
		{0CC06861-4579-4AEC-94F3-F7134899C760}.Debug|Any CPU.Build.0 = Debug|Any CPU
		{0CC06861-4579-4AEC-94F3-F7134899C760}.Debug|x64.ActiveCfg = Debug|Any CPU
		{0CC06861-4579-4AEC-94F3-F7134899C760}.Debug|x64.Build.0 = Debug|Any CPU
		{0CC06861-4579-4AEC-94F3-F7134899C760}.Debug|x86.ActiveCfg = Debug|Any CPU
		{0CC06861-4579-4AEC-94F3-F7134899C760}.Debug|x86.Build.0 = Debug|Any CPU
		{0CC06861-4579-4AEC-94F3-F7134899C760}.Release|Any CPU.ActiveCfg = Release|Any CPU
		{0CC06861-4579-4AEC-94F3-F7134899C760}.Release|Any CPU.Build.0 = Release|Any CPU
		{0CC06861-4579-4AEC-94F3-F7134899C760}.Release|x64.ActiveCfg = Release|Any CPU
		{0CC06861-4579-4AEC-94F3-F7134899C760}.Release|x64.Build.0 = Release|Any CPU
		{0CC06861-4579-4AEC-94F3-F7134899C760}.Release|x86.ActiveCfg = Release|Any CPU
		{0CC06861-4579-4AEC-94F3-F7134899C760}.Release|x86.Build.0 = Release|Any CPU
		{4C9F8CC9-3C61-40B5-8AA6-E391D9841000}.Debug|Any CPU.ActiveCfg = Debug|Any CPU
		{4C9F8CC9-3C61-40B5-8AA6-E391D9841000}.Debug|Any CPU.Build.0 = Debug|Any CPU
		{4C9F8CC9-3C61-40B5-8AA6-E391D9841000}.Debug|x64.ActiveCfg = Debug|Any CPU
		{4C9F8CC9-3C61-40B5-8AA6-E391D9841000}.Debug|x64.Build.0 = Debug|Any CPU
		{4C9F8CC9-3C61-40B5-8AA6-E391D9841000}.Debug|x86.ActiveCfg = Debug|Any CPU
		{4C9F8CC9-3C61-40B5-8AA6-E391D9841000}.Debug|x86.Build.0 = Debug|Any CPU
		{4C9F8CC9-3C61-40B5-8AA6-E391D9841000}.Release|Any CPU.ActiveCfg = Release|Any CPU
		{4C9F8CC9-3C61-40B5-8AA6-E391D9841000}.Release|Any CPU.Build.0 = Release|Any CPU
		{4C9F8CC9-3C61-40B5-8AA6-E391D9841000}.Release|x64.ActiveCfg = Release|Any CPU
		{4C9F8CC9-3C61-40B5-8AA6-E391D9841000}.Release|x64.Build.0 = Release|Any CPU
		{4C9F8CC9-3C61-40B5-8AA6-E391D9841000}.Release|x86.ActiveCfg = Release|Any CPU
		{4C9F8CC9-3C61-40B5-8AA6-E391D9841000}.Release|x86.Build.0 = Release|Any CPU
		{79749BC1-BE81-4580-A9D4-7EEA92A69495}.Debug|Any CPU.ActiveCfg = Debug|Any CPU
		{79749BC1-BE81-4580-A9D4-7EEA92A69495}.Debug|Any CPU.Build.0 = Debug|Any CPU
		{79749BC1-BE81-4580-A9D4-7EEA92A69495}.Debug|x64.ActiveCfg = Debug|Any CPU
		{79749BC1-BE81-4580-A9D4-7EEA92A69495}.Debug|x64.Build.0 = Debug|Any CPU
		{79749BC1-BE81-4580-A9D4-7EEA92A69495}.Debug|x86.ActiveCfg = Debug|Any CPU
		{79749BC1-BE81-4580-A9D4-7EEA92A69495}.Debug|x86.Build.0 = Debug|Any CPU
		{79749BC1-BE81-4580-A9D4-7EEA92A69495}.Release|Any CPU.ActiveCfg = Release|Any CPU
		{79749BC1-BE81-4580-A9D4-7EEA92A69495}.Release|Any CPU.Build.0 = Release|Any CPU
		{79749BC1-BE81-4580-A9D4-7EEA92A69495}.Release|x64.ActiveCfg = Release|Any CPU
		{79749BC1-BE81-4580-A9D4-7EEA92A69495}.Release|x64.Build.0 = Release|Any CPU
		{79749BC1-BE81-4580-A9D4-7EEA92A69495}.Release|x86.ActiveCfg = Release|Any CPU
		{79749BC1-BE81-4580-A9D4-7EEA92A69495}.Release|x86.Build.0 = Release|Any CPU
		{0DF43500-329F-478D-93C8-EF282261ED65}.Debug|Any CPU.ActiveCfg = Debug|Any CPU
		{0DF43500-329F-478D-93C8-EF282261ED65}.Debug|Any CPU.Build.0 = Debug|Any CPU
		{0DF43500-329F-478D-93C8-EF282261ED65}.Debug|x64.ActiveCfg = Debug|Any CPU
		{0DF43500-329F-478D-93C8-EF282261ED65}.Debug|x64.Build.0 = Debug|Any CPU
		{0DF43500-329F-478D-93C8-EF282261ED65}.Debug|x86.ActiveCfg = Debug|Any CPU
		{0DF43500-329F-478D-93C8-EF282261ED65}.Debug|x86.Build.0 = Debug|Any CPU
		{0DF43500-329F-478D-93C8-EF282261ED65}.Release|Any CPU.ActiveCfg = Release|Any CPU
		{0DF43500-329F-478D-93C8-EF282261ED65}.Release|Any CPU.Build.0 = Release|Any CPU
		{0DF43500-329F-478D-93C8-EF282261ED65}.Release|x64.ActiveCfg = Release|Any CPU
		{0DF43500-329F-478D-93C8-EF282261ED65}.Release|x64.Build.0 = Release|Any CPU
		{0DF43500-329F-478D-93C8-EF282261ED65}.Release|x86.ActiveCfg = Release|Any CPU
		{0DF43500-329F-478D-93C8-EF282261ED65}.Release|x86.Build.0 = Release|Any CPU
		{E648B83B-D7AF-400E-901E-FEBDAF1968DD}.Debug|Any CPU.ActiveCfg = Debug|Any CPU
		{E648B83B-D7AF-400E-901E-FEBDAF1968DD}.Debug|Any CPU.Build.0 = Debug|Any CPU
		{E648B83B-D7AF-400E-901E-FEBDAF1968DD}.Debug|x64.ActiveCfg = Debug|Any CPU
		{E648B83B-D7AF-400E-901E-FEBDAF1968DD}.Debug|x64.Build.0 = Debug|Any CPU
		{E648B83B-D7AF-400E-901E-FEBDAF1968DD}.Debug|x86.ActiveCfg = Debug|Any CPU
		{E648B83B-D7AF-400E-901E-FEBDAF1968DD}.Debug|x86.Build.0 = Debug|Any CPU
		{E648B83B-D7AF-400E-901E-FEBDAF1968DD}.Release|Any CPU.ActiveCfg = Release|Any CPU
		{E648B83B-D7AF-400E-901E-FEBDAF1968DD}.Release|Any CPU.Build.0 = Release|Any CPU
		{E648B83B-D7AF-400E-901E-FEBDAF1968DD}.Release|x64.ActiveCfg = Release|Any CPU
		{E648B83B-D7AF-400E-901E-FEBDAF1968DD}.Release|x64.Build.0 = Release|Any CPU
		{E648B83B-D7AF-400E-901E-FEBDAF1968DD}.Release|x86.ActiveCfg = Release|Any CPU
		{E648B83B-D7AF-400E-901E-FEBDAF1968DD}.Release|x86.Build.0 = Release|Any CPU
		{B94A4D34-49C0-49FA-8CAE-368498E6CD56}.Debug|Any CPU.ActiveCfg = Debug|Any CPU
		{B94A4D34-49C0-49FA-8CAE-368498E6CD56}.Debug|Any CPU.Build.0 = Debug|Any CPU
		{B94A4D34-49C0-49FA-8CAE-368498E6CD56}.Debug|x64.ActiveCfg = Debug|Any CPU
		{B94A4D34-49C0-49FA-8CAE-368498E6CD56}.Debug|x64.Build.0 = Debug|Any CPU
		{B94A4D34-49C0-49FA-8CAE-368498E6CD56}.Debug|x86.ActiveCfg = Debug|Any CPU
		{B94A4D34-49C0-49FA-8CAE-368498E6CD56}.Debug|x86.Build.0 = Debug|Any CPU
		{B94A4D34-49C0-49FA-8CAE-368498E6CD56}.Release|Any CPU.ActiveCfg = Release|Any CPU
		{B94A4D34-49C0-49FA-8CAE-368498E6CD56}.Release|Any CPU.Build.0 = Release|Any CPU
		{B94A4D34-49C0-49FA-8CAE-368498E6CD56}.Release|x64.ActiveCfg = Release|Any CPU
		{B94A4D34-49C0-49FA-8CAE-368498E6CD56}.Release|x64.Build.0 = Release|Any CPU
		{B94A4D34-49C0-49FA-8CAE-368498E6CD56}.Release|x86.ActiveCfg = Release|Any CPU
		{B94A4D34-49C0-49FA-8CAE-368498E6CD56}.Release|x86.Build.0 = Release|Any CPU
	EndGlobalSection
	GlobalSection(SolutionProperties) = preSolution
		HideSolutionNode = FALSE
	EndGlobalSection
	GlobalSection(NestedProjects) = preSolution
		{357A7C97-5AE1-023F-1442-0D9F9AF22A31} = {5854FF58-B8C5-05C6-5BF2-ACE42193F22B}
		{24EE6AB2-D02D-7346-F780-6A87209C839F} = {357A7C97-5AE1-023F-1442-0D9F9AF22A31}
		{00C983F2-7723-4D25-846D-CF60B6104325} = {24EE6AB2-D02D-7346-F780-6A87209C839F}
		{11349CFE-E14E-3001-C5E9-551783699504} = {357A7C97-5AE1-023F-1442-0D9F9AF22A31}
		{01688D0E-6648-48EF-A6F8-C1078B0102CC} = {11349CFE-E14E-3001-C5E9-551783699504}
		{04239D89-6C38-496F-8088-3A93719C5B10} = {11349CFE-E14E-3001-C5E9-551783699504}
		{E968773F-A3F0-8B5A-CFB8-BE121AA8E63F} = {5854FF58-B8C5-05C6-5BF2-ACE42193F22B}
		{F8AF3D45-4AFB-8D53-0BFD-9C3932D21D8E} = {E968773F-A3F0-8B5A-CFB8-BE121AA8E63F}
		{370FD3E4-673B-45B9-AD10-B8451C6753E2} = {F8AF3D45-4AFB-8D53-0BFD-9C3932D21D8E}
		{60AB97C5-5A84-D312-BDAA-23917E573DDB} = {E968773F-A3F0-8B5A-CFB8-BE121AA8E63F}
		{4A1B7B3E-57EA-41A3-B1C2-32760D0C5477} = {60AB97C5-5A84-D312-BDAA-23917E573DDB}
		{E7E046B2-856F-4B1B-B056-1214A4A9018C} = {60AB97C5-5A84-D312-BDAA-23917E573DDB}
		{0CC06861-4579-4AEC-94F3-F7134899C760} = {60AB97C5-5A84-D312-BDAA-23917E573DDB}
		{06470F13-D646-4954-ED4A-FA216054436A} = {5854FF58-B8C5-05C6-5BF2-ACE42193F22B}
		{8F92B431-7114-C16D-7B8D-1A63B3CF6875} = {06470F13-D646-4954-ED4A-FA216054436A}
		{98535A68-9D8D-E9D6-510F-FA0DF62E7A02} = {8F92B431-7114-C16D-7B8D-1A63B3CF6875}
		{4C9F8CC9-3C61-40B5-8AA6-E391D9841000} = {98535A68-9D8D-E9D6-510F-FA0DF62E7A02}
		{597ABE83-CFD8-BA62-9C26-2BFC2EB1CDBD} = {8F92B431-7114-C16D-7B8D-1A63B3CF6875}
		{79749BC1-BE81-4580-A9D4-7EEA92A69495} = {597ABE83-CFD8-BA62-9C26-2BFC2EB1CDBD}
		{428F4B99-902C-FC4B-8D32-09714F842F15} = {06470F13-D646-4954-ED4A-FA216054436A}
		{0DF43500-329F-478D-93C8-EF282261ED65} = {428F4B99-902C-FC4B-8D32-09714F842F15}
		{E648B83B-D7AF-400E-901E-FEBDAF1968DD} = {428F4B99-902C-FC4B-8D32-09714F842F15}
		{9F0AC42A-AFE5-D77E-69A5-72151744C5E0} = {8F92B431-7114-C16D-7B8D-1A63B3CF6875}
		{B94A4D34-49C0-49FA-8CAE-368498E6CD56} = {9F0AC42A-AFE5-D77E-69A5-72151744C5E0}
	EndGlobalSection
	GlobalSection(ExtensibilityGlobals) = postSolution
		SolutionGuid = {2C1BAD02-C1D2-4F0A-A3DC-5FB82C62E549}
	EndGlobalSection
EndGlobal
