
Microsoft Visual Studio Solution File, Format Version 12.00
# Visual Studio Version 17
VisualStudioVersion = 17.0.31903.59
MinimumVisualStudioVersion = 10.0.40219.1
Project("{2150E333-8FDC-42A3-9474-1A3956D46DE8}") = "src", "src", "{235D111A-E33D-467A-95C0-AAC22DD60CB9}"
EndProject
Project("{FAE04EC0-301F-11D3-BF4B-00C04F79EFBC}") = "Identity.Domain", "src\Identity.Domain\Identity.Domain.csproj", "{7FC84BC2-3ED6-4C2A-8EFD-2FB748917EAB}"
EndProject
Project("{FAE04EC0-301F-11D3-BF4B-00C04F79EFBC}") = "Identity.Application", "src\Identity.Application\Identity.Application.csproj", "{F49C322E-0F4C-4105-8846-5505DEFDFAAA}"
EndProject
Project("{FAE04EC0-301F-11D3-BF4B-00C04F79EFBC}") = "Identity.Infrastructure", "src\Identity.Infrastructure\Identity.Infrastructure.csproj", "{467887FF-19C7-41B1-91B4-92CCC1848974}"
EndProject
Project("{FAE04EC0-301F-11D3-BF4B-00C04F79EFBC}") = "Identity.Api", "src\Identity.Api\Identity.Api.csproj", "{C12E5089-CA52-44BE-9DCF-B59BC410D7A1}"
EndProject
Project("{2150E333-8FDC-42A3-9474-1A3956D46DE8}") = "tests", "tests", "{9F8E9E8F-3F3F-4F4F-9F9F-9F9F9F9F9F9F}"
EndProject
Project("{FAE04EC0-301F-11D3-BF4B-00C04F79EFBC}") = "Identity.IntegrationTests", "tests\Identity.IntegrationTests\Identity.IntegrationTests.csproj", "{A1B2C3D4-E5F6-4G7H-8I9J-K0L1M2N3O4P5}"
EndProject
Global
	GlobalSection(SolutionConfigurationPlatforms) = preSolution
		Debug|Any CPU = Debug|Any CPU
		Release|Any CPU = Release|Any CPU
	EndGlobalSection
	GlobalSection(SolutionProperties) = preSolution
		HideSolutionNode = FALSE
	EndGlobalSection
	GlobalSection(ProjectConfigurationPlatforms) = postSolution
		{7FC84BC2-3ED6-4C2A-8EFD-2FB748917EAB}.Debug|Any CPU.ActiveCfg = Debug|Any CPU
		{7FC84BC2-3ED6-4C2A-8EFD-2FB748917EAB}.Debug|Any CPU.Build.0 = Debug|Any CPU
		{7FC84BC2-3ED6-4C2A-8EFD-2FB748917EAB}.Release|Any CPU.ActiveCfg = Release|Any CPU
		{7FC84BC2-3ED6-4C2A-8EFD-2FB748917EAB}.Release|Any CPU.Build.0 = Release|Any CPU
		{F49C322E-0F4C-4105-8846-5505DEFDFAAA}.Debug|Any CPU.ActiveCfg = Debug|Any CPU
		{F49C322E-0F4C-4105-8846-5505DEFDFAAA}.Debug|Any CPU.Build.0 = Debug|Any CPU
		{F49C322E-0F4C-4105-8846-5505DEFDFAAA}.Release|Any CPU.ActiveCfg = Release|Any CPU
		{F49C322E-0F4C-4105-8846-5505DEFDFAAA}.Release|Any CPU.Build.0 = Release|Any CPU
		{467887FF-19C7-41B1-91B4-92CCC1848974}.Debug|Any CPU.ActiveCfg = Debug|Any CPU
		{467887FF-19C7-41B1-91B4-92CCC1848974}.Debug|Any CPU.Build.0 = Debug|Any CPU
		{467887FF-19C7-41B1-91B4-92CCC1848974}.Release|Any CPU.ActiveCfg = Release|Any CPU
		{467887FF-19C7-41B1-91B4-92CCC1848974}.Release|Any CPU.Build.0 = Release|Any CPU
		{C12E5089-CA52-44BE-9DCF-B59BC410D7A1}.Debug|Any CPU.ActiveCfg = Debug|Any CPU
		{C12E5089-CA52-44BE-9DCF-B59BC410D7A1}.Debug|Any CPU.Build.0 = Debug|Any CPU
		{C12E5089-CA52-44BE-9DCF-B59BC410D7A1}.Release|Any CPU.ActiveCfg = Release|Any CPU
		{C12E5089-CA52-44BE-9DCF-B59BC410D7A1}.Release|Any CPU.Build.0 = Release|Any CPU
		{A1B2C3D4-E5F6-4G7H-8I9J-K0L1M2N3O4P5}.Debug|Any CPU.ActiveCfg = Debug|Any CPU
		{A1B2C3D4-E5F6-4G7H-8I9J-K0L1M2N3O4P5}.Debug|Any CPU.Build.0 = Debug|Any CPU
		{A1B2C3D4-E5F6-4G7H-8I9J-K0L1M2N3O4P5}.Release|Any CPU.ActiveCfg = Release|Any CPU
		{A1B2C3D4-E5F6-4G7H-8I9J-K0L1M2N3O4P5}.Release|Any CPU.Build.0 = Release|Any CPU
	EndGlobalSection
	GlobalSection(NestedProjects) = preSolution
		{7FC84BC2-3ED6-4C2A-8EFD-2FB748917EAB} = {235D111A-E33D-467A-95C0-AAC22DD60CB9}
		{F49C322E-0F4C-4105-8846-5505DEFDFAAA} = {235D111A-E33D-467A-95C0-AAC22DD60CB9}
		{467887FF-19C7-41B1-91B4-92CCC1848974} = {235D111A-E33D-467A-95C0-AAC22DD60CB9}
		{C12E5089-CA52-44BE-9DCF-B59BC410D7A1} = {235D111A-E33D-467A-95C0-AAC22DD60CB9}
		{A1B2C3D4-E5F6-4G7H-8I9J-K0L1M2N3O4P5} = {9F8E9E8F-3F3F-4F4F-9F9F-9F9F9F9F9F9F}
	EndGlobalSection
EndGlobal
