
Microsoft Visual Studio Solution File, Format Version 12.00
# Visual Studio Version 17
VisualStudioVersion = 17.0.31903.59
MinimumVisualStudioVersion = 10.0.40219.1
Project("{2150E333-8FDC-42A3-9474-1A3956D46DE8}") = "src", "src", "{235D111A-E33D-467A-95C0-AAC22DD60CB9}"
EndProject
Project("{FAE04EC0-301F-11D3-BF4B-00C04F79EFBC}") = "Identity.Domain", "src\Identity.Domain\Identity.Domain.csproj", "{7FC84BC2-3ED6-4C2A-8EFD-2FB748917EAB}"
EndProject
Project("{FAE04EC0-301F-11D3-BF4B-00C04F79EFBC}") = "Identity.Application", "src\Identity.Application\Identity.Application.csproj", "{F49C322E-0F4C-4105-8846-5505DEFDFAAA}"
EndProject
Project("{FAE04EC0-301F-11D3-BF4B-00C04F79EFBC}") = "Identity.Infrastructure", "src\Identity.Infrastructure\Identity.Infrastructure.csproj", "{467887FF-19C7-41B1-91B4-92CCC1848974}"
EndProject
Project("{FAE04EC0-301F-11D3-BF4B-00C04F79EFBC}") = "Identity.Api", "src\Identity.Api\Identity.Api.csproj", "{C12E5089-CA52-44BE-9DCF-B59BC410D7A1}"
EndProject
Project("{2150E333-8FDC-42A3-9474-1A3956D46DE8}") = "tests", "tests", "{9F8E9E8F-3F3F-4F4F-9F9F-9F9F9F9F9F9F}"
EndProject
Project("{FAE04EC0-301F-11D3-BF4B-00C04F79EFBC}") = "Identity.IntegrationTests", "tests\Identity.IntegrationTests\Identity.IntegrationTests.csproj", "{5C49FFCD-667A-C59B-7FE7-0ECD8EEFD69B}"
EndProject
Project("{FAE04EC0-301F-11D3-BF4B-00C04F79EFBC}") = "Identity.UnitTests", "tests\Identity.UnitTests\Identity.UnitTests.csproj", "{F96E2C9B-D524-4C1F-83C0-406077579C35}"
EndProject
Project("{FAE04EC0-301F-11D3-BF4B-00C04F79EFBC}") = "Inventory.UnitTests", "..\inventory\tests\Inventory.UnitTests\Inventory.UnitTests.csproj", "{69803659-0489-4B0F-A3F2-EDDFFD9DB34B}"
EndProject
Project("{FAE04EC0-301F-11D3-BF4B-00C04F79EFBC}") = "Inventory.Domain", "..\inventory\src\Inventory.Domain\Inventory.Domain.csproj", "{19B98A59-DFF7-4B9F-9B4A-157C7A053DFA}"
EndProject
Project("{FAE04EC0-301F-11D3-BF4B-00C04F79EFBC}") = "Inventory.Application", "..\inventory\src\Inventory.Application\Inventory.Application.csproj", "{581CD598-1407-4297-A06C-5AE4BC129095}"
EndProject
Project("{FAE04EC0-301F-11D3-BF4B-00C04F79EFBC}") = "Inventory.Infrastructure", "..\inventory\src\Inventory.Infrastructure\Inventory.Infrastructure.csproj", "{2B3DD633-BEF7-4C38-8D83-92B22C36FE7E}"
EndProject
Global
	GlobalSection(SolutionConfigurationPlatforms) = preSolution
		Debug|Any CPU = Debug|Any CPU
		Debug|x64 = Debug|x64
		Debug|x86 = Debug|x86
		Release|Any CPU = Release|Any CPU
		Release|x64 = Release|x64
		Release|x86 = Release|x86
	EndGlobalSection
	GlobalSection(ProjectConfigurationPlatforms) = postSolution
		{7FC84BC2-3ED6-4C2A-8EFD-2FB748917EAB}.Debug|Any CPU.ActiveCfg = Debug|Any CPU
		{7FC84BC2-3ED6-4C2A-8EFD-2FB748917EAB}.Debug|Any CPU.Build.0 = Debug|Any CPU
		{7FC84BC2-3ED6-4C2A-8EFD-2FB748917EAB}.Debug|x64.ActiveCfg = Debug|Any CPU
		{7FC84BC2-3ED6-4C2A-8EFD-2FB748917EAB}.Debug|x64.Build.0 = Debug|Any CPU
		{7FC84BC2-3ED6-4C2A-8EFD-2FB748917EAB}.Debug|x86.ActiveCfg = Debug|Any CPU
		{7FC84BC2-3ED6-4C2A-8EFD-2FB748917EAB}.Debug|x86.Build.0 = Debug|Any CPU
		{7FC84BC2-3ED6-4C2A-8EFD-2FB748917EAB}.Release|Any CPU.ActiveCfg = Release|Any CPU
		{7FC84BC2-3ED6-4C2A-8EFD-2FB748917EAB}.Release|Any CPU.Build.0 = Release|Any CPU
		{7FC84BC2-3ED6-4C2A-8EFD-2FB748917EAB}.Release|x64.ActiveCfg = Release|Any CPU
		{7FC84BC2-3ED6-4C2A-8EFD-2FB748917EAB}.Release|x64.Build.0 = Release|Any CPU
		{7FC84BC2-3ED6-4C2A-8EFD-2FB748917EAB}.Release|x86.ActiveCfg = Release|Any CPU
		{7FC84BC2-3ED6-4C2A-8EFD-2FB748917EAB}.Release|x86.Build.0 = Release|Any CPU
		{F49C322E-0F4C-4105-8846-5505DEFDFAAA}.Debug|Any CPU.ActiveCfg = Debug|Any CPU
		{F49C322E-0F4C-4105-8846-5505DEFDFAAA}.Debug|Any CPU.Build.0 = Debug|Any CPU
		{F49C322E-0F4C-4105-8846-5505DEFDFAAA}.Debug|x64.ActiveCfg = Debug|Any CPU
		{F49C322E-0F4C-4105-8846-5505DEFDFAAA}.Debug|x64.Build.0 = Debug|Any CPU
		{F49C322E-0F4C-4105-8846-5505DEFDFAAA}.Debug|x86.ActiveCfg = Debug|Any CPU
		{F49C322E-0F4C-4105-8846-5505DEFDFAAA}.Debug|x86.Build.0 = Debug|Any CPU
		{F49C322E-0F4C-4105-8846-5505DEFDFAAA}.Release|Any CPU.ActiveCfg = Release|Any CPU
		{F49C322E-0F4C-4105-8846-5505DEFDFAAA}.Release|Any CPU.Build.0 = Release|Any CPU
		{F49C322E-0F4C-4105-8846-5505DEFDFAAA}.Release|x64.ActiveCfg = Release|Any CPU
		{F49C322E-0F4C-4105-8846-5505DEFDFAAA}.Release|x64.Build.0 = Release|Any CPU
		{F49C322E-0F4C-4105-8846-5505DEFDFAAA}.Release|x86.ActiveCfg = Release|Any CPU
		{F49C322E-0F4C-4105-8846-5505DEFDFAAA}.Release|x86.Build.0 = Release|Any CPU
		{467887FF-19C7-41B1-91B4-92CCC1848974}.Debug|Any CPU.ActiveCfg = Debug|Any CPU
		{467887FF-19C7-41B1-91B4-92CCC1848974}.Debug|Any CPU.Build.0 = Debug|Any CPU
		{467887FF-19C7-41B1-91B4-92CCC1848974}.Debug|x64.ActiveCfg = Debug|Any CPU
		{467887FF-19C7-41B1-91B4-92CCC1848974}.Debug|x64.Build.0 = Debug|Any CPU
		{467887FF-19C7-41B1-91B4-92CCC1848974}.Debug|x86.ActiveCfg = Debug|Any CPU
		{467887FF-19C7-41B1-91B4-92CCC1848974}.Debug|x86.Build.0 = Debug|Any CPU
		{467887FF-19C7-41B1-91B4-92CCC1848974}.Release|Any CPU.ActiveCfg = Release|Any CPU
		{467887FF-19C7-41B1-91B4-92CCC1848974}.Release|Any CPU.Build.0 = Release|Any CPU
		{467887FF-19C7-41B1-91B4-92CCC1848974}.Release|x64.ActiveCfg = Release|Any CPU
		{467887FF-19C7-41B1-91B4-92CCC1848974}.Release|x64.Build.0 = Release|Any CPU
		{467887FF-19C7-41B1-91B4-92CCC1848974}.Release|x86.ActiveCfg = Release|Any CPU
		{467887FF-19C7-41B1-91B4-92CCC1848974}.Release|x86.Build.0 = Release|Any CPU
		{C12E5089-CA52-44BE-9DCF-B59BC410D7A1}.Debug|Any CPU.ActiveCfg = Debug|Any CPU
		{C12E5089-CA52-44BE-9DCF-B59BC410D7A1}.Debug|Any CPU.Build.0 = Debug|Any CPU
		{C12E5089-CA52-44BE-9DCF-B59BC410D7A1}.Debug|x64.ActiveCfg = Debug|Any CPU
		{C12E5089-CA52-44BE-9DCF-B59BC410D7A1}.Debug|x64.Build.0 = Debug|Any CPU
		{C12E5089-CA52-44BE-9DCF-B59BC410D7A1}.Debug|x86.ActiveCfg = Debug|Any CPU
		{C12E5089-CA52-44BE-9DCF-B59BC410D7A1}.Debug|x86.Build.0 = Debug|Any CPU
		{C12E5089-CA52-44BE-9DCF-B59BC410D7A1}.Release|Any CPU.ActiveCfg = Release|Any CPU
		{C12E5089-CA52-44BE-9DCF-B59BC410D7A1}.Release|Any CPU.Build.0 = Release|Any CPU
		{C12E5089-CA52-44BE-9DCF-B59BC410D7A1}.Release|x64.ActiveCfg = Release|Any CPU
		{C12E5089-CA52-44BE-9DCF-B59BC410D7A1}.Release|x64.Build.0 = Release|Any CPU
		{C12E5089-CA52-44BE-9DCF-B59BC410D7A1}.Release|x86.ActiveCfg = Release|Any CPU
		{C12E5089-CA52-44BE-9DCF-B59BC410D7A1}.Release|x86.Build.0 = Release|Any CPU
		{5C49FFCD-667A-C59B-7FE7-0ECD8EEFD69B}.Debug|x64.ActiveCfg = Debug|Any CPU
		{5C49FFCD-667A-C59B-7FE7-0ECD8EEFD69B}.Debug|x64.Build.0 = Debug|Any CPU
		{5C49FFCD-667A-C59B-7FE7-0ECD8EEFD69B}.Debug|x86.ActiveCfg = Debug|Any CPU
		{5C49FFCD-667A-C59B-7FE7-0ECD8EEFD69B}.Debug|x86.Build.0 = Debug|Any CPU
		{5C49FFCD-667A-C59B-7FE7-0ECD8EEFD69B}.Release|x64.ActiveCfg = Release|Any CPU
		{5C49FFCD-667A-C59B-7FE7-0ECD8EEFD69B}.Release|x64.Build.0 = Release|Any CPU
		{5C49FFCD-667A-C59B-7FE7-0ECD8EEFD69B}.Release|x86.ActiveCfg = Release|Any CPU
		{5C49FFCD-667A-C59B-7FE7-0ECD8EEFD69B}.Release|x86.Build.0 = Release|Any CPU
		{F96E2C9B-D524-4C1F-83C0-406077579C35}.Debug|Any CPU.ActiveCfg = Debug|Any CPU
		{F96E2C9B-D524-4C1F-83C0-406077579C35}.Debug|Any CPU.Build.0 = Debug|Any CPU
		{F96E2C9B-D524-4C1F-83C0-406077579C35}.Debug|x64.ActiveCfg = Debug|Any CPU
		{F96E2C9B-D524-4C1F-83C0-406077579C35}.Debug|x64.Build.0 = Debug|Any CPU
		{F96E2C9B-D524-4C1F-83C0-406077579C35}.Debug|x86.ActiveCfg = Debug|Any CPU
		{F96E2C9B-D524-4C1F-83C0-406077579C35}.Debug|x86.Build.0 = Debug|Any CPU
		{F96E2C9B-D524-4C1F-83C0-406077579C35}.Release|Any CPU.ActiveCfg = Release|Any CPU
		{F96E2C9B-D524-4C1F-83C0-406077579C35}.Release|Any CPU.Build.0 = Release|Any CPU
		{F96E2C9B-D524-4C1F-83C0-406077579C35}.Release|x64.ActiveCfg = Release|Any CPU
		{F96E2C9B-D524-4C1F-83C0-406077579C35}.Release|x64.Build.0 = Release|Any CPU
		{F96E2C9B-D524-4C1F-83C0-406077579C35}.Release|x86.ActiveCfg = Release|Any CPU
		{F96E2C9B-D524-4C1F-83C0-406077579C35}.Release|x86.Build.0 = Release|Any CPU
		{69803659-0489-4B0F-A3F2-EDDFFD9DB34B}.Debug|Any CPU.ActiveCfg = Debug|Any CPU
		{69803659-0489-4B0F-A3F2-EDDFFD9DB34B}.Debug|Any CPU.Build.0 = Debug|Any CPU
		{69803659-0489-4B0F-A3F2-EDDFFD9DB34B}.Debug|x64.ActiveCfg = Debug|Any CPU
		{69803659-0489-4B0F-A3F2-EDDFFD9DB34B}.Debug|x64.Build.0 = Debug|Any CPU
		{69803659-0489-4B0F-A3F2-EDDFFD9DB34B}.Debug|x86.ActiveCfg = Debug|Any CPU
		{69803659-0489-4B0F-A3F2-EDDFFD9DB34B}.Debug|x86.Build.0 = Debug|Any CPU
		{69803659-0489-4B0F-A3F2-EDDFFD9DB34B}.Release|Any CPU.ActiveCfg = Release|Any CPU
		{69803659-0489-4B0F-A3F2-EDDFFD9DB34B}.Release|Any CPU.Build.0 = Release|Any CPU
		{69803659-0489-4B0F-A3F2-EDDFFD9DB34B}.Release|x64.ActiveCfg = Release|Any CPU
		{69803659-0489-4B0F-A3F2-EDDFFD9DB34B}.Release|x64.Build.0 = Release|Any CPU
		{69803659-0489-4B0F-A3F2-EDDFFD9DB34B}.Release|x86.ActiveCfg = Release|Any CPU
		{69803659-0489-4B0F-A3F2-EDDFFD9DB34B}.Release|x86.Build.0 = Release|Any CPU
		{19B98A59-DFF7-4B9F-9B4A-157C7A053DFA}.Debug|Any CPU.ActiveCfg = Debug|Any CPU
		{19B98A59-DFF7-4B9F-9B4A-157C7A053DFA}.Debug|Any CPU.Build.0 = Debug|Any CPU
		{19B98A59-DFF7-4B9F-9B4A-157C7A053DFA}.Debug|x64.ActiveCfg = Debug|Any CPU
		{19B98A59-DFF7-4B9F-9B4A-157C7A053DFA}.Debug|x64.Build.0 = Debug|Any CPU
		{19B98A59-DFF7-4B9F-9B4A-157C7A053DFA}.Debug|x86.ActiveCfg = Debug|Any CPU
		{19B98A59-DFF7-4B9F-9B4A-157C7A053DFA}.Debug|x86.Build.0 = Debug|Any CPU
		{19B98A59-DFF7-4B9F-9B4A-157C7A053DFA}.Release|Any CPU.ActiveCfg = Release|Any CPU
		{19B98A59-DFF7-4B9F-9B4A-157C7A053DFA}.Release|Any CPU.Build.0 = Release|Any CPU
		{19B98A59-DFF7-4B9F-9B4A-157C7A053DFA}.Release|x64.ActiveCfg = Release|Any CPU
		{19B98A59-DFF7-4B9F-9B4A-157C7A053DFA}.Release|x64.Build.0 = Release|Any CPU
		{19B98A59-DFF7-4B9F-9B4A-157C7A053DFA}.Release|x86.ActiveCfg = Release|Any CPU
		{19B98A59-DFF7-4B9F-9B4A-157C7A053DFA}.Release|x86.Build.0 = Release|Any CPU
		{581CD598-1407-4297-A06C-5AE4BC129095}.Debug|Any CPU.ActiveCfg = Debug|Any CPU
		{581CD598-1407-4297-A06C-5AE4BC129095}.Debug|Any CPU.Build.0 = Debug|Any CPU
		{581CD598-1407-4297-A06C-5AE4BC129095}.Debug|x64.ActiveCfg = Debug|Any CPU
		{581CD598-1407-4297-A06C-5AE4BC129095}.Debug|x64.Build.0 = Debug|Any CPU
		{581CD598-1407-4297-A06C-5AE4BC129095}.Debug|x86.ActiveCfg = Debug|Any CPU
		{581CD598-1407-4297-A06C-5AE4BC129095}.Debug|x86.Build.0 = Debug|Any CPU
		{581CD598-1407-4297-A06C-5AE4BC129095}.Release|Any CPU.ActiveCfg = Release|Any CPU
		{581CD598-1407-4297-A06C-5AE4BC129095}.Release|Any CPU.Build.0 = Release|Any CPU
		{581CD598-1407-4297-A06C-5AE4BC129095}.Release|x64.ActiveCfg = Release|Any CPU
		{581CD598-1407-4297-A06C-5AE4BC129095}.Release|x64.Build.0 = Release|Any CPU
		{581CD598-1407-4297-A06C-5AE4BC129095}.Release|x86.ActiveCfg = Release|Any CPU
		{581CD598-1407-4297-A06C-5AE4BC129095}.Release|x86.Build.0 = Release|Any CPU
		{2B3DD633-BEF7-4C38-8D83-92B22C36FE7E}.Debug|Any CPU.ActiveCfg = Debug|Any CPU
		{2B3DD633-BEF7-4C38-8D83-92B22C36FE7E}.Debug|Any CPU.Build.0 = Debug|Any CPU
		{2B3DD633-BEF7-4C38-8D83-92B22C36FE7E}.Debug|x64.ActiveCfg = Debug|Any CPU
		{2B3DD633-BEF7-4C38-8D83-92B22C36FE7E}.Debug|x64.Build.0 = Debug|Any CPU
		{2B3DD633-BEF7-4C38-8D83-92B22C36FE7E}.Debug|x86.ActiveCfg = Debug|Any CPU
		{2B3DD633-BEF7-4C38-8D83-92B22C36FE7E}.Debug|x86.Build.0 = Debug|Any CPU
		{2B3DD633-BEF7-4C38-8D83-92B22C36FE7E}.Release|Any CPU.ActiveCfg = Release|Any CPU
		{2B3DD633-BEF7-4C38-8D83-92B22C36FE7E}.Release|Any CPU.Build.0 = Release|Any CPU
		{2B3DD633-BEF7-4C38-8D83-92B22C36FE7E}.Release|x64.ActiveCfg = Release|Any CPU
		{2B3DD633-BEF7-4C38-8D83-92B22C36FE7E}.Release|x64.Build.0 = Release|Any CPU
		{2B3DD633-BEF7-4C38-8D83-92B22C36FE7E}.Release|x86.ActiveCfg = Release|Any CPU
		{2B3DD633-BEF7-4C38-8D83-92B22C36FE7E}.Release|x86.Build.0 = Release|Any CPU
	EndGlobalSection
	GlobalSection(SolutionProperties) = preSolution
		HideSolutionNode = FALSE
	EndGlobalSection
	GlobalSection(NestedProjects) = preSolution
		{7FC84BC2-3ED6-4C2A-8EFD-2FB748917EAB} = {235D111A-E33D-467A-95C0-AAC22DD60CB9}
		{F49C322E-0F4C-4105-8846-5505DEFDFAAA} = {235D111A-E33D-467A-95C0-AAC22DD60CB9}
		{467887FF-19C7-41B1-91B4-92CCC1848974} = {235D111A-E33D-467A-95C0-AAC22DD60CB9}
		{C12E5089-CA52-44BE-9DCF-B59BC410D7A1} = {235D111A-E33D-467A-95C0-AAC22DD60CB9}
		{F96E2C9B-D524-4C1F-83C0-406077579C35} = {9F8E9E8F-3F3F-4F4F-9F9F-9F9F9F9F9F9F}
	EndGlobalSection
EndGlobal
