
Microsoft Visual Studio Solution File, Format Version 12.00
# Visual Studio Version 17
VisualStudioVersion = 17.0.31903.59
MinimumVisualStudioVersion = 10.0.40219.1
Project("{2150E333-8FDC-42A3-9474-1A3956D46DE8}") = "src", "src", "{827E0CD3-B72D-47B6-A68D-7590B98EB39B}"
EndProject
Project("{FAE04EC0-301F-11D3-BF4B-00C04F79EFBC}") = "Waitlist.Domain", "src\Waitlist.Domain\Waitlist.Domain.csproj", "{8D8D6588-F374-4719-A63C-F6EA4E61ADD5}"
EndProject
Project("{FAE04EC0-301F-11D3-BF4B-00C04F79EFBC}") = "Waitlist.Application", "src\Waitlist.Application\Waitlist.Application.csproj", "{F4F0ACA7-2A76-4A0C-AE8F-450DC66BC594}"
EndProject
Project("{FAE04EC0-301F-11D3-BF4B-00C04F79EFBC}") = "Waitlist.Infrastructure", "src\Waitlist.Infrastructure\Waitlist.Infrastructure.csproj", "{5B831767-C19A-4E65-8C9B-0FDE7E131C28}"
EndProject
Project("{FAE04EC0-301F-11D3-BF4B-00C04F79EFBC}") = "Waitlist.Api", "src\Waitlist.Api\Waitlist.Api.csproj", "{265331D7-A058-483D-A545-675E662F1F5D}"
EndProject
Project("{2150E333-8FDC-42A3-9474-1A3956D46DE8}") = "tests", "tests", "{0AB3BF05-4346-4AA6-1389-037BE0695223}"
EndProject
Project("{2150E333-8FDC-42A3-9474-1A3956D46DE8}") = "unit", "unit", "{9D556B49-86D1-93A7-9596-FFAAB74EC556}"
EndProject
Project("{FAE04EC0-301F-11D3-BF4B-00C04F79EFBC}") = "Waitlist.UnitTests", "tests\unit\Waitlist.UnitTests\Waitlist.UnitTests.csproj", "{98B14325-D386-4635-94AB-6462847166A2}"
EndProject
Global
	GlobalSection(SolutionConfigurationPlatforms) = preSolution
		Debug|Any CPU = Debug|Any CPU
		Debug|x64 = Debug|x64
		Debug|x86 = Debug|x86
		Release|Any CPU = Release|Any CPU
		Release|x64 = Release|x64
		Release|x86 = Release|x86
	EndGlobalSection
	GlobalSection(ProjectConfigurationPlatforms) = postSolution
		{8D8D6588-F374-4719-A63C-F6EA4E61ADD5}.Debug|Any CPU.ActiveCfg = Debug|Any CPU
		{8D8D6588-F374-4719-A63C-F6EA4E61ADD5}.Debug|Any CPU.Build.0 = Debug|Any CPU
		{8D8D6588-F374-4719-A63C-F6EA4E61ADD5}.Debug|x64.ActiveCfg = Debug|Any CPU
		{8D8D6588-F374-4719-A63C-F6EA4E61ADD5}.Debug|x64.Build.0 = Debug|Any CPU
		{8D8D6588-F374-4719-A63C-F6EA4E61ADD5}.Debug|x86.ActiveCfg = Debug|Any CPU
		{8D8D6588-F374-4719-A63C-F6EA4E61ADD5}.Debug|x86.Build.0 = Debug|Any CPU
		{8D8D6588-F374-4719-A63C-F6EA4E61ADD5}.Release|Any CPU.ActiveCfg = Release|Any CPU
		{8D8D6588-F374-4719-A63C-F6EA4E61ADD5}.Release|Any CPU.Build.0 = Release|Any CPU
		{8D8D6588-F374-4719-A63C-F6EA4E61ADD5}.Release|x64.ActiveCfg = Release|Any CPU
		{8D8D6588-F374-4719-A63C-F6EA4E61ADD5}.Release|x64.Build.0 = Release|Any CPU
		{8D8D6588-F374-4719-A63C-F6EA4E61ADD5}.Release|x86.ActiveCfg = Release|Any CPU
		{8D8D6588-F374-4719-A63C-F6EA4E61ADD5}.Release|x86.Build.0 = Release|Any CPU
		{F4F0ACA7-2A76-4A0C-AE8F-450DC66BC594}.Debug|Any CPU.ActiveCfg = Debug|Any CPU
		{F4F0ACA7-2A76-4A0C-AE8F-450DC66BC594}.Debug|Any CPU.Build.0 = Debug|Any CPU
		{F4F0ACA7-2A76-4A0C-AE8F-450DC66BC594}.Debug|x64.ActiveCfg = Debug|Any CPU
		{F4F0ACA7-2A76-4A0C-AE8F-450DC66BC594}.Debug|x64.Build.0 = Debug|Any CPU
		{F4F0ACA7-2A76-4A0C-AE8F-450DC66BC594}.Debug|x86.ActiveCfg = Debug|Any CPU
		{F4F0ACA7-2A76-4A0C-AE8F-450DC66BC594}.Debug|x86.Build.0 = Debug|Any CPU
		{F4F0ACA7-2A76-4A0C-AE8F-450DC66BC594}.Release|Any CPU.ActiveCfg = Release|Any CPU
		{F4F0ACA7-2A76-4A0C-AE8F-450DC66BC594}.Release|Any CPU.Build.0 = Release|Any CPU
		{F4F0ACA7-2A76-4A0C-AE8F-450DC66BC594}.Release|x64.ActiveCfg = Release|Any CPU
		{F4F0ACA7-2A76-4A0C-AE8F-450DC66BC594}.Release|x64.Build.0 = Release|Any CPU
		{F4F0ACA7-2A76-4A0C-AE8F-450DC66BC594}.Release|x86.ActiveCfg = Release|Any CPU
		{F4F0ACA7-2A76-4A0C-AE8F-450DC66BC594}.Release|x86.Build.0 = Release|Any CPU
		{5B831767-C19A-4E65-8C9B-0FDE7E131C28}.Debug|Any CPU.ActiveCfg = Debug|Any CPU
		{5B831767-C19A-4E65-8C9B-0FDE7E131C28}.Debug|Any CPU.Build.0 = Debug|Any CPU
		{5B831767-C19A-4E65-8C9B-0FDE7E131C28}.Debug|x64.ActiveCfg = Debug|Any CPU
		{5B831767-C19A-4E65-8C9B-0FDE7E131C28}.Debug|x64.Build.0 = Debug|Any CPU
		{5B831767-C19A-4E65-8C9B-0FDE7E131C28}.Debug|x86.ActiveCfg = Debug|Any CPU
		{5B831767-C19A-4E65-8C9B-0FDE7E131C28}.Debug|x86.Build.0 = Debug|Any CPU
		{5B831767-C19A-4E65-8C9B-0FDE7E131C28}.Release|Any CPU.ActiveCfg = Release|Any CPU
		{5B831767-C19A-4E65-8C9B-0FDE7E131C28}.Release|Any CPU.Build.0 = Release|Any CPU
		{5B831767-C19A-4E65-8C9B-0FDE7E131C28}.Release|x64.ActiveCfg = Release|Any CPU
		{5B831767-C19A-4E65-8C9B-0FDE7E131C28}.Release|x64.Build.0 = Release|Any CPU
		{5B831767-C19A-4E65-8C9B-0FDE7E131C28}.Release|x86.ActiveCfg = Release|Any CPU
		{5B831767-C19A-4E65-8C9B-0FDE7E131C28}.Release|x86.Build.0 = Release|Any CPU
		{265331D7-A058-483D-A545-675E662F1F5D}.Debug|Any CPU.ActiveCfg = Debug|Any CPU
		{265331D7-A058-483D-A545-675E662F1F5D}.Debug|Any CPU.Build.0 = Debug|Any CPU
		{265331D7-A058-483D-A545-675E662F1F5D}.Debug|x64.ActiveCfg = Debug|Any CPU
		{265331D7-A058-483D-A545-675E662F1F5D}.Debug|x64.Build.0 = Debug|Any CPU
		{265331D7-A058-483D-A545-675E662F1F5D}.Debug|x86.ActiveCfg = Debug|Any CPU
		{265331D7-A058-483D-A545-675E662F1F5D}.Debug|x86.Build.0 = Debug|Any CPU
		{265331D7-A058-483D-A545-675E662F1F5D}.Release|Any CPU.ActiveCfg = Release|Any CPU
		{265331D7-A058-483D-A545-675E662F1F5D}.Release|Any CPU.Build.0 = Release|Any CPU
		{265331D7-A058-483D-A545-675E662F1F5D}.Release|x64.ActiveCfg = Release|Any CPU
		{265331D7-A058-483D-A545-675E662F1F5D}.Release|x64.Build.0 = Release|Any CPU
		{265331D7-A058-483D-A545-675E662F1F5D}.Release|x86.ActiveCfg = Release|Any CPU
		{265331D7-A058-483D-A545-675E662F1F5D}.Release|x86.Build.0 = Release|Any CPU
		{98B14325-D386-4635-94AB-6462847166A2}.Debug|Any CPU.ActiveCfg = Debug|Any CPU
		{98B14325-D386-4635-94AB-6462847166A2}.Debug|Any CPU.Build.0 = Debug|Any CPU
		{98B14325-D386-4635-94AB-6462847166A2}.Debug|x64.ActiveCfg = Debug|Any CPU
		{98B14325-D386-4635-94AB-6462847166A2}.Debug|x64.Build.0 = Debug|Any CPU
		{98B14325-D386-4635-94AB-6462847166A2}.Debug|x86.ActiveCfg = Debug|Any CPU
		{98B14325-D386-4635-94AB-6462847166A2}.Debug|x86.Build.0 = Debug|Any CPU
		{98B14325-D386-4635-94AB-6462847166A2}.Release|Any CPU.ActiveCfg = Release|Any CPU
		{98B14325-D386-4635-94AB-6462847166A2}.Release|Any CPU.Build.0 = Release|Any CPU
		{98B14325-D386-4635-94AB-6462847166A2}.Release|x64.ActiveCfg = Release|Any CPU
		{98B14325-D386-4635-94AB-6462847166A2}.Release|x64.Build.0 = Release|Any CPU
		{98B14325-D386-4635-94AB-6462847166A2}.Release|x86.ActiveCfg = Release|Any CPU
		{98B14325-D386-4635-94AB-6462847166A2}.Release|x86.Build.0 = Release|Any CPU
	EndGlobalSection
	GlobalSection(SolutionProperties) = preSolution
		HideSolutionNode = FALSE
	EndGlobalSection
	GlobalSection(NestedProjects) = preSolution
		{8D8D6588-F374-4719-A63C-F6EA4E61ADD5} = {827E0CD3-B72D-47B6-A68D-7590B98EB39B}
		{F4F0ACA7-2A76-4A0C-AE8F-450DC66BC594} = {827E0CD3-B72D-47B6-A68D-7590B98EB39B}
		{5B831767-C19A-4E65-8C9B-0FDE7E131C28} = {827E0CD3-B72D-47B6-A68D-7590B98EB39B}
		{265331D7-A058-483D-A545-675E662F1F5D} = {827E0CD3-B72D-47B6-A68D-7590B98EB39B}
		{9D556B49-86D1-93A7-9596-FFAAB74EC556} = {0AB3BF05-4346-4AA6-1389-037BE0695223}
		{98B14325-D386-4635-94AB-6462847166A2} = {9D556B49-86D1-93A7-9596-FFAAB74EC556}
	EndGlobalSection
EndGlobal
