
Microsoft Visual Studio Solution File, Format Version 12.00
# Visual Studio Version 17
VisualStudioVersion = 17.0.31903.59
MinimumVisualStudioVersion = 10.0.40219.1
Project("{2150E333-8FDC-42A3-9474-1A3956D46DE8}") = "src", "src", "{827E0CD3-B72D-47B6-A68D-7590B98EB39B}"
EndProject
Project("{FAE04EC0-301F-11D3-BF4B-00C04F79EFBC}") = "Waitlist.Domain", "src\Waitlist.Domain\Waitlist.Domain.csproj", "{9FFF699C-5EB4-450A-85DB-171006071C63}"
EndProject
Project("{FAE04EC0-301F-11D3-BF4B-00C04F79EFBC}") = "Waitlist.Application", "src\Waitlist.Application\Waitlist.Application.csproj", "{F465361B-8C51-4068-B492-B1AD3E841A6D}"
EndProject
Project("{FAE04EC0-301F-11D3-BF4B-00C04F79EFBC}") = "Waitlist.Infrastructure", "src\Waitlist.Infrastructure\Waitlist.Infrastructure.csproj", "{278FEDFE-8D33-47F2-B156-37EC1A49CAB0}"
EndProject
Project("{FAE04EC0-301F-11D3-BF4B-00C04F79EFBC}") = "Waitlist.Api", "src\Waitlist.Api\Waitlist.Api.csproj", "{CEABCC2B-31D4-4255-B2FF-9C52B226B15B}"
EndProject
Project("{2150E333-8FDC-42A3-9474-1A3956D46DE8}") = "tests", "tests", "{0AB3BF05-4346-4AA6-1389-037BE0695223}"
EndProject
Project("{2150E333-8FDC-42A3-9474-1A3956D46DE8}") = "unit", "unit", "{9D556B49-86D1-93A7-9596-FFAAB74EC556}"
EndProject
Project("{FAE04EC0-301F-11D3-BF4B-00C04F79EFBC}") = "Waitlist.UnitTests", "tests\unit\Waitlist.UnitTests\Waitlist.UnitTests.csproj", "{962F9C80-83F8-496E-BFC1-F9E986D4311A}"
EndProject
Global
	GlobalSection(SolutionConfigurationPlatforms) = preSolution
		Debug|Any CPU = Debug|Any CPU
		Debug|x64 = Debug|x64
		Debug|x86 = Debug|x86
		Release|Any CPU = Release|Any CPU
		Release|x64 = Release|x64
		Release|x86 = Release|x86
	EndGlobalSection
	GlobalSection(ProjectConfigurationPlatforms) = postSolution
		{9FFF699C-5EB4-450A-85DB-171006071C63}.Debug|Any CPU.ActiveCfg = Debug|Any CPU
		{9FFF699C-5EB4-450A-85DB-171006071C63}.Debug|Any CPU.Build.0 = Debug|Any CPU
		{9FFF699C-5EB4-450A-85DB-171006071C63}.Debug|x64.ActiveCfg = Debug|Any CPU
		{9FFF699C-5EB4-450A-85DB-171006071C63}.Debug|x64.Build.0 = Debug|Any CPU
		{9FFF699C-5EB4-450A-85DB-171006071C63}.Debug|x86.ActiveCfg = Debug|Any CPU
		{9FFF699C-5EB4-450A-85DB-171006071C63}.Debug|x86.Build.0 = Debug|Any CPU
		{9FFF699C-5EB4-450A-85DB-171006071C63}.Release|Any CPU.ActiveCfg = Release|Any CPU
		{9FFF699C-5EB4-450A-85DB-171006071C63}.Release|Any CPU.Build.0 = Release|Any CPU
		{9FFF699C-5EB4-450A-85DB-171006071C63}.Release|x64.ActiveCfg = Release|Any CPU
		{9FFF699C-5EB4-450A-85DB-171006071C63}.Release|x64.Build.0 = Release|Any CPU
		{9FFF699C-5EB4-450A-85DB-171006071C63}.Release|x86.ActiveCfg = Release|Any CPU
		{9FFF699C-5EB4-450A-85DB-171006071C63}.Release|x86.Build.0 = Release|Any CPU
		{F465361B-8C51-4068-B492-B1AD3E841A6D}.Debug|Any CPU.ActiveCfg = Debug|Any CPU
		{F465361B-8C51-4068-B492-B1AD3E841A6D}.Debug|Any CPU.Build.0 = Debug|Any CPU
		{F465361B-8C51-4068-B492-B1AD3E841A6D}.Debug|x64.ActiveCfg = Debug|Any CPU
		{F465361B-8C51-4068-B492-B1AD3E841A6D}.Debug|x64.Build.0 = Debug|Any CPU
		{F465361B-8C51-4068-B492-B1AD3E841A6D}.Debug|x86.ActiveCfg = Debug|Any CPU
		{F465361B-8C51-4068-B492-B1AD3E841A6D}.Debug|x86.Build.0 = Debug|Any CPU
		{F465361B-8C51-4068-B492-B1AD3E841A6D}.Release|Any CPU.ActiveCfg = Release|Any CPU
		{F465361B-8C51-4068-B492-B1AD3E841A6D}.Release|Any CPU.Build.0 = Release|Any CPU
		{F465361B-8C51-4068-B492-B1AD3E841A6D}.Release|x64.ActiveCfg = Release|Any CPU
		{F465361B-8C51-4068-B492-B1AD3E841A6D}.Release|x64.Build.0 = Release|Any CPU
		{F465361B-8C51-4068-B492-B1AD3E841A6D}.Release|x86.ActiveCfg = Release|Any CPU
		{F465361B-8C51-4068-B492-B1AD3E841A6D}.Release|x86.Build.0 = Release|Any CPU
		{278FEDFE-8D33-47F2-B156-37EC1A49CAB0}.Debug|Any CPU.ActiveCfg = Debug|Any CPU
		{278FEDFE-8D33-47F2-B156-37EC1A49CAB0}.Debug|Any CPU.Build.0 = Debug|Any CPU
		{278FEDFE-8D33-47F2-B156-37EC1A49CAB0}.Debug|x64.ActiveCfg = Debug|Any CPU
		{278FEDFE-8D33-47F2-B156-37EC1A49CAB0}.Debug|x64.Build.0 = Debug|Any CPU
		{278FEDFE-8D33-47F2-B156-37EC1A49CAB0}.Debug|x86.ActiveCfg = Debug|Any CPU
		{278FEDFE-8D33-47F2-B156-37EC1A49CAB0}.Debug|x86.Build.0 = Debug|Any CPU
		{278FEDFE-8D33-47F2-B156-37EC1A49CAB0}.Release|Any CPU.ActiveCfg = Release|Any CPU
		{278FEDFE-8D33-47F2-B156-37EC1A49CAB0}.Release|Any CPU.Build.0 = Release|Any CPU
		{278FEDFE-8D33-47F2-B156-37EC1A49CAB0}.Release|x64.ActiveCfg = Release|Any CPU
		{278FEDFE-8D33-47F2-B156-37EC1A49CAB0}.Release|x64.Build.0 = Release|Any CPU
		{278FEDFE-8D33-47F2-B156-37EC1A49CAB0}.Release|x86.ActiveCfg = Release|Any CPU
		{278FEDFE-8D33-47F2-B156-37EC1A49CAB0}.Release|x86.Build.0 = Release|Any CPU
		{CEABCC2B-31D4-4255-B2FF-9C52B226B15B}.Debug|Any CPU.ActiveCfg = Debug|Any CPU
		{CEABCC2B-31D4-4255-B2FF-9C52B226B15B}.Debug|Any CPU.Build.0 = Debug|Any CPU
		{CEABCC2B-31D4-4255-B2FF-9C52B226B15B}.Debug|x64.ActiveCfg = Debug|Any CPU
		{CEABCC2B-31D4-4255-B2FF-9C52B226B15B}.Debug|x64.Build.0 = Debug|Any CPU
		{CEABCC2B-31D4-4255-B2FF-9C52B226B15B}.Debug|x86.ActiveCfg = Debug|Any CPU
		{CEABCC2B-31D4-4255-B2FF-9C52B226B15B}.Debug|x86.Build.0 = Debug|Any CPU
		{CEABCC2B-31D4-4255-B2FF-9C52B226B15B}.Release|Any CPU.ActiveCfg = Release|Any CPU
		{CEABCC2B-31D4-4255-B2FF-9C52B226B15B}.Release|Any CPU.Build.0 = Release|Any CPU
		{CEABCC2B-31D4-4255-B2FF-9C52B226B15B}.Release|x64.ActiveCfg = Release|Any CPU
		{CEABCC2B-31D4-4255-B2FF-9C52B226B15B}.Release|x64.Build.0 = Release|Any CPU
		{CEABCC2B-31D4-4255-B2FF-9C52B226B15B}.Release|x86.ActiveCfg = Release|Any CPU
		{CEABCC2B-31D4-4255-B2FF-9C52B226B15B}.Release|x86.Build.0 = Release|Any CPU
		{962F9C80-83F8-496E-BFC1-F9E986D4311A}.Debug|Any CPU.ActiveCfg = Debug|Any CPU
		{962F9C80-83F8-496E-BFC1-F9E986D4311A}.Debug|Any CPU.Build.0 = Debug|Any CPU
		{962F9C80-83F8-496E-BFC1-F9E986D4311A}.Debug|x64.ActiveCfg = Debug|Any CPU
		{962F9C80-83F8-496E-BFC1-F9E986D4311A}.Debug|x64.Build.0 = Debug|Any CPU
		{962F9C80-83F8-496E-BFC1-F9E986D4311A}.Debug|x86.ActiveCfg = Debug|Any CPU
		{962F9C80-83F8-496E-BFC1-F9E986D4311A}.Debug|x86.Build.0 = Debug|Any CPU
		{962F9C80-83F8-496E-BFC1-F9E986D4311A}.Release|Any CPU.ActiveCfg = Release|Any CPU
		{962F9C80-83F8-496E-BFC1-F9E986D4311A}.Release|Any CPU.Build.0 = Release|Any CPU
		{962F9C80-83F8-496E-BFC1-F9E986D4311A}.Release|x64.ActiveCfg = Release|Any CPU
		{962F9C80-83F8-496E-BFC1-F9E986D4311A}.Release|x64.Build.0 = Release|Any CPU
		{962F9C80-83F8-496E-BFC1-F9E986D4311A}.Release|x86.ActiveCfg = Release|Any CPU
		{962F9C80-83F8-496E-BFC1-F9E986D4311A}.Release|x86.Build.0 = Release|Any CPU
	EndGlobalSection
	GlobalSection(SolutionProperties) = preSolution
		HideSolutionNode = FALSE
	EndGlobalSection
	GlobalSection(NestedProjects) = preSolution
		{9FFF699C-5EB4-450A-85DB-171006071C63} = {827E0CD3-B72D-47B6-A68D-7590B98EB39B}
		{F465361B-8C51-4068-B492-B1AD3E841A6D} = {827E0CD3-B72D-47B6-A68D-7590B98EB39B}
		{278FEDFE-8D33-47F2-B156-37EC1A49CAB0} = {827E0CD3-B72D-47B6-A68D-7590B98EB39B}
		{CEABCC2B-31D4-4255-B2FF-9C52B226B15B} = {827E0CD3-B72D-47B6-A68D-7590B98EB39B}
		{9D556B49-86D1-93A7-9596-FFAAB74EC556} = {0AB3BF05-4346-4AA6-1389-037BE0695223}
		{962F9C80-83F8-496E-BFC1-F9E986D4311A} = {9D556B49-86D1-93A7-9596-FFAAB74EC556}
	EndGlobalSection
EndGlobal
