
Microsoft Visual Studio Solution File, Format Version 12.00
# Visual Studio Version 17
VisualStudioVersion = 17.0.31903.59
MinimumVisualStudioVersion = 10.0.40219.1
Project("{2150E333-8FDC-42A3-9474-1A3956D46DE8}") = "src", "src", "{A09A9A80-227C-4A8A-BF89-2CCA62000757}"
EndProject
Project("{FAE04EC0-301F-11D3-BF4B-00C04F79EFBC}") = "Ordering.Domain", "src\Domain\Ordering.Domain.csproj", "{3AC21016-8D33-4CB6-AED0-AD09F7188ECC}"
EndProject
Project("{FAE04EC0-301F-11D3-BF4B-00C04F79EFBC}") = "Ordering.Application", "src\Application\Ordering.Application.csproj", "{680EE22E-6335-4B68-A985-AD09E9CA6FBD}"
EndProject
Project("{FAE04EC0-301F-11D3-BF4B-00C04F79EFBC}") = "Ordering.Infrastructure", "src\Infrastructure\Ordering.Infrastructure.csproj", "{C71CC650-9FB1-4E81-9161-8190763CD153}"
EndProject
Project("{FAE04EC0-301F-11D3-BF4B-00C04F79EFBC}") = "Ordering.Api", "src\Api\Ordering.Api.csproj", "{6033AA29-0EEE-4711-9999-68E720D2BD9A}"
EndProject
Project("{2150E333-8FDC-42A3-9474-1A3956D46DE8}") = "tests", "tests", "{85A99F2B-0E9C-4EB6-9B21-AA9D7F2C02FB}"
EndProject
Project("{FAE04EC0-301F-11D3-BF4B-00C04F79EFBC}") = "Ordering.Domain.UnitTests", "tests\Ordering.Domain.UnitTests\Ordering.Domain.UnitTests.csproj", "{10637B95-BA15-4742-9A34-E4A83015F073}"
EndProject
Project("{FAE04EC0-301F-11D3-BF4B-00C04F79EFBC}") = "Ordering.Application.UnitTests", "tests\Ordering.Application.UnitTests\Ordering.Application.UnitTests.csproj", "{FF4A6F70-26BB-478B-9A54-8FDEA9512421}"
EndProject
Project("{FAE04EC0-301F-11D3-BF4B-00C04F79EFBC}") = "Identity.UnitTests", "..\identity\tests\Identity.UnitTests\Identity.UnitTests.csproj", "{5839BB4C-4E15-4E6E-A72D-7638AB34E0C6}"
EndProject
Project("{FAE04EC0-301F-11D3-BF4B-00C04F79EFBC}") = "Identity.Domain", "..\identity\src\Identity.Domain\Identity.Domain.csproj", "{1C6DE6BB-A377-46EE-9AB1-E6E3C34B88ED}"
EndProject
Project("{FAE04EC0-301F-11D3-BF4B-00C04F79EFBC}") = "Identity.Application", "..\identity\src\Identity.Application\Identity.Application.csproj", "{9B7AA7DE-A3EF-4849-9136-FC47E3B51973}"
EndProject
Project("{FAE04EC0-301F-11D3-BF4B-00C04F79EFBC}") = "Inventory.UnitTests", "..\inventory\tests\Inventory.UnitTests\Inventory.UnitTests.csproj", "{365CBE09-37BB-4A0F-92B8-1AA7A4C4557A}"
EndProject
Project("{FAE04EC0-301F-11D3-BF4B-00C04F79EFBC}") = "Inventory.Domain", "..\inventory\src\Inventory.Domain\Inventory.Domain.csproj", "{5C4E6822-E56F-4ED5-AFC4-3D4F7EADA68D}"
EndProject
Project("{FAE04EC0-301F-11D3-BF4B-00C04F79EFBC}") = "Inventory.Application", "..\inventory\src\Inventory.Application\Inventory.Application.csproj", "{400EBC4B-9797-441C-AEF0-1F8A4D786C96}"
EndProject
Project("{FAE04EC0-301F-11D3-BF4B-00C04F79EFBC}") = "Inventory.Infrastructure", "..\inventory\src\Inventory.Infrastructure\Inventory.Infrastructure.csproj", "{9F6DD67F-6609-44D8-8DFB-9E93F0AE6B7B}"
EndProject
Global
	GlobalSection(SolutionConfigurationPlatforms) = preSolution
		Debug|Any CPU = Debug|Any CPU
		Debug|x64 = Debug|x64
		Debug|x86 = Debug|x86
		Release|Any CPU = Release|Any CPU
		Release|x64 = Release|x64
		Release|x86 = Release|x86
	EndGlobalSection
	GlobalSection(ProjectConfigurationPlatforms) = postSolution
		{3AC21016-8D33-4CB6-AED0-AD09F7188ECC}.Debug|Any CPU.ActiveCfg = Debug|Any CPU
		{3AC21016-8D33-4CB6-AED0-AD09F7188ECC}.Debug|Any CPU.Build.0 = Debug|Any CPU
		{3AC21016-8D33-4CB6-AED0-AD09F7188ECC}.Debug|x64.ActiveCfg = Debug|Any CPU
		{3AC21016-8D33-4CB6-AED0-AD09F7188ECC}.Debug|x64.Build.0 = Debug|Any CPU
		{3AC21016-8D33-4CB6-AED0-AD09F7188ECC}.Debug|x86.ActiveCfg = Debug|Any CPU
		{3AC21016-8D33-4CB6-AED0-AD09F7188ECC}.Debug|x86.Build.0 = Debug|Any CPU
		{3AC21016-8D33-4CB6-AED0-AD09F7188ECC}.Release|Any CPU.ActiveCfg = Release|Any CPU
		{3AC21016-8D33-4CB6-AED0-AD09F7188ECC}.Release|Any CPU.Build.0 = Release|Any CPU
		{3AC21016-8D33-4CB6-AED0-AD09F7188ECC}.Release|x64.ActiveCfg = Release|Any CPU
		{3AC21016-8D33-4CB6-AED0-AD09F7188ECC}.Release|x64.Build.0 = Release|Any CPU
		{3AC21016-8D33-4CB6-AED0-AD09F7188ECC}.Release|x86.ActiveCfg = Release|Any CPU
		{3AC21016-8D33-4CB6-AED0-AD09F7188ECC}.Release|x86.Build.0 = Release|Any CPU
		{680EE22E-6335-4B68-A985-AD09E9CA6FBD}.Debug|Any CPU.ActiveCfg = Debug|Any CPU
		{680EE22E-6335-4B68-A985-AD09E9CA6FBD}.Debug|Any CPU.Build.0 = Debug|Any CPU
		{680EE22E-6335-4B68-A985-AD09E9CA6FBD}.Debug|x64.ActiveCfg = Debug|Any CPU
		{680EE22E-6335-4B68-A985-AD09E9CA6FBD}.Debug|x64.Build.0 = Debug|Any CPU
		{680EE22E-6335-4B68-A985-AD09E9CA6FBD}.Debug|x86.ActiveCfg = Debug|Any CPU
		{680EE22E-6335-4B68-A985-AD09E9CA6FBD}.Debug|x86.Build.0 = Debug|Any CPU
		{680EE22E-6335-4B68-A985-AD09E9CA6FBD}.Release|Any CPU.ActiveCfg = Release|Any CPU
		{680EE22E-6335-4B68-A985-AD09E9CA6FBD}.Release|Any CPU.Build.0 = Release|Any CPU
		{680EE22E-6335-4B68-A985-AD09E9CA6FBD}.Release|x64.ActiveCfg = Release|Any CPU
		{680EE22E-6335-4B68-A985-AD09E9CA6FBD}.Release|x64.Build.0 = Release|Any CPU
		{680EE22E-6335-4B68-A985-AD09E9CA6FBD}.Release|x86.ActiveCfg = Release|Any CPU
		{680EE22E-6335-4B68-A985-AD09E9CA6FBD}.Release|x86.Build.0 = Release|Any CPU
		{C71CC650-9FB1-4E81-9161-8190763CD153}.Debug|Any CPU.ActiveCfg = Debug|Any CPU
		{C71CC650-9FB1-4E81-9161-8190763CD153}.Debug|Any CPU.Build.0 = Debug|Any CPU
		{C71CC650-9FB1-4E81-9161-8190763CD153}.Debug|x64.ActiveCfg = Debug|Any CPU
		{C71CC650-9FB1-4E81-9161-8190763CD153}.Debug|x64.Build.0 = Debug|Any CPU
		{C71CC650-9FB1-4E81-9161-8190763CD153}.Debug|x86.ActiveCfg = Debug|Any CPU
		{C71CC650-9FB1-4E81-9161-8190763CD153}.Debug|x86.Build.0 = Debug|Any CPU
		{C71CC650-9FB1-4E81-9161-8190763CD153}.Release|Any CPU.ActiveCfg = Release|Any CPU
		{C71CC650-9FB1-4E81-9161-8190763CD153}.Release|Any CPU.Build.0 = Release|Any CPU
		{C71CC650-9FB1-4E81-9161-8190763CD153}.Release|x64.ActiveCfg = Release|Any CPU
		{C71CC650-9FB1-4E81-9161-8190763CD153}.Release|x64.Build.0 = Release|Any CPU
		{C71CC650-9FB1-4E81-9161-8190763CD153}.Release|x86.ActiveCfg = Release|Any CPU
		{C71CC650-9FB1-4E81-9161-8190763CD153}.Release|x86.Build.0 = Release|Any CPU
		{6033AA29-0EEE-4711-9999-68E720D2BD9A}.Debug|Any CPU.ActiveCfg = Debug|Any CPU
		{6033AA29-0EEE-4711-9999-68E720D2BD9A}.Debug|Any CPU.Build.0 = Debug|Any CPU
		{6033AA29-0EEE-4711-9999-68E720D2BD9A}.Debug|x64.ActiveCfg = Debug|Any CPU
		{6033AA29-0EEE-4711-9999-68E720D2BD9A}.Debug|x64.Build.0 = Debug|Any CPU
		{6033AA29-0EEE-4711-9999-68E720D2BD9A}.Debug|x86.ActiveCfg = Debug|Any CPU
		{6033AA29-0EEE-4711-9999-68E720D2BD9A}.Debug|x86.Build.0 = Debug|Any CPU
		{6033AA29-0EEE-4711-9999-68E720D2BD9A}.Release|Any CPU.ActiveCfg = Release|Any CPU
		{6033AA29-0EEE-4711-9999-68E720D2BD9A}.Release|Any CPU.Build.0 = Release|Any CPU
		{6033AA29-0EEE-4711-9999-68E720D2BD9A}.Release|x64.ActiveCfg = Release|Any CPU
		{6033AA29-0EEE-4711-9999-68E720D2BD9A}.Release|x64.Build.0 = Release|Any CPU
		{6033AA29-0EEE-4711-9999-68E720D2BD9A}.Release|x86.ActiveCfg = Release|Any CPU
		{6033AA29-0EEE-4711-9999-68E720D2BD9A}.Release|x86.Build.0 = Release|Any CPU
		{10637B95-BA15-4742-9A34-E4A83015F073}.Debug|Any CPU.ActiveCfg = Debug|Any CPU
		{10637B95-BA15-4742-9A34-E4A83015F073}.Debug|Any CPU.Build.0 = Debug|Any CPU
		{10637B95-BA15-4742-9A34-E4A83015F073}.Debug|x64.ActiveCfg = Debug|Any CPU
		{10637B95-BA15-4742-9A34-E4A83015F073}.Debug|x64.Build.0 = Debug|Any CPU
		{10637B95-BA15-4742-9A34-E4A83015F073}.Debug|x86.ActiveCfg = Debug|Any CPU
		{10637B95-BA15-4742-9A34-E4A83015F073}.Debug|x86.Build.0 = Debug|Any CPU
		{10637B95-BA15-4742-9A34-E4A83015F073}.Release|Any CPU.ActiveCfg = Release|Any CPU
		{10637B95-BA15-4742-9A34-E4A83015F073}.Release|Any CPU.Build.0 = Release|Any CPU
		{10637B95-BA15-4742-9A34-E4A83015F073}.Release|x64.ActiveCfg = Release|Any CPU
		{10637B95-BA15-4742-9A34-E4A83015F073}.Release|x64.Build.0 = Release|Any CPU
		{10637B95-BA15-4742-9A34-E4A83015F073}.Release|x86.ActiveCfg = Release|Any CPU
		{10637B95-BA15-4742-9A34-E4A83015F073}.Release|x86.Build.0 = Release|Any CPU
		{FF4A6F70-26BB-478B-9A54-8FDEA9512421}.Debug|Any CPU.ActiveCfg = Debug|Any CPU
		{FF4A6F70-26BB-478B-9A54-8FDEA9512421}.Debug|Any CPU.Build.0 = Debug|Any CPU
		{FF4A6F70-26BB-478B-9A54-8FDEA9512421}.Debug|x64.ActiveCfg = Debug|Any CPU
		{FF4A6F70-26BB-478B-9A54-8FDEA9512421}.Debug|x64.Build.0 = Debug|Any CPU
		{FF4A6F70-26BB-478B-9A54-8FDEA9512421}.Debug|x86.ActiveCfg = Debug|Any CPU
		{FF4A6F70-26BB-478B-9A54-8FDEA9512421}.Debug|x86.Build.0 = Debug|Any CPU
		{FF4A6F70-26BB-478B-9A54-8FDEA9512421}.Release|Any CPU.ActiveCfg = Release|Any CPU
		{FF4A6F70-26BB-478B-9A54-8FDEA9512421}.Release|Any CPU.Build.0 = Release|Any CPU
		{FF4A6F70-26BB-478B-9A54-8FDEA9512421}.Release|x64.ActiveCfg = Release|Any CPU
		{FF4A6F70-26BB-478B-9A54-8FDEA9512421}.Release|x64.Build.0 = Release|Any CPU
		{FF4A6F70-26BB-478B-9A54-8FDEA9512421}.Release|x86.ActiveCfg = Release|Any CPU
		{FF4A6F70-26BB-478B-9A54-8FDEA9512421}.Release|x86.Build.0 = Release|Any CPU
		{5839BB4C-4E15-4E6E-A72D-7638AB34E0C6}.Debug|Any CPU.ActiveCfg = Debug|Any CPU
		{5839BB4C-4E15-4E6E-A72D-7638AB34E0C6}.Debug|Any CPU.Build.0 = Debug|Any CPU
		{5839BB4C-4E15-4E6E-A72D-7638AB34E0C6}.Debug|x64.ActiveCfg = Debug|Any CPU
		{5839BB4C-4E15-4E6E-A72D-7638AB34E0C6}.Debug|x64.Build.0 = Debug|Any CPU
		{5839BB4C-4E15-4E6E-A72D-7638AB34E0C6}.Debug|x86.ActiveCfg = Debug|Any CPU
		{5839BB4C-4E15-4E6E-A72D-7638AB34E0C6}.Debug|x86.Build.0 = Debug|Any CPU
		{5839BB4C-4E15-4E6E-A72D-7638AB34E0C6}.Release|Any CPU.ActiveCfg = Release|Any CPU
		{5839BB4C-4E15-4E6E-A72D-7638AB34E0C6}.Release|Any CPU.Build.0 = Release|Any CPU
		{5839BB4C-4E15-4E6E-A72D-7638AB34E0C6}.Release|x64.ActiveCfg = Release|Any CPU
		{5839BB4C-4E15-4E6E-A72D-7638AB34E0C6}.Release|x64.Build.0 = Release|Any CPU
		{5839BB4C-4E15-4E6E-A72D-7638AB34E0C6}.Release|x86.ActiveCfg = Release|Any CPU
		{5839BB4C-4E15-4E6E-A72D-7638AB34E0C6}.Release|x86.Build.0 = Release|Any CPU
		{1C6DE6BB-A377-46EE-9AB1-E6E3C34B88ED}.Debug|Any CPU.ActiveCfg = Debug|Any CPU
		{1C6DE6BB-A377-46EE-9AB1-E6E3C34B88ED}.Debug|Any CPU.Build.0 = Debug|Any CPU
		{1C6DE6BB-A377-46EE-9AB1-E6E3C34B88ED}.Debug|x64.ActiveCfg = Debug|Any CPU
		{1C6DE6BB-A377-46EE-9AB1-E6E3C34B88ED}.Debug|x64.Build.0 = Debug|Any CPU
		{1C6DE6BB-A377-46EE-9AB1-E6E3C34B88ED}.Debug|x86.ActiveCfg = Debug|Any CPU
		{1C6DE6BB-A377-46EE-9AB1-E6E3C34B88ED}.Debug|x86.Build.0 = Debug|Any CPU
		{1C6DE6BB-A377-46EE-9AB1-E6E3C34B88ED}.Release|Any CPU.ActiveCfg = Release|Any CPU
		{1C6DE6BB-A377-46EE-9AB1-E6E3C34B88ED}.Release|Any CPU.Build.0 = Release|Any CPU
		{1C6DE6BB-A377-46EE-9AB1-E6E3C34B88ED}.Release|x64.ActiveCfg = Release|Any CPU
		{1C6DE6BB-A377-46EE-9AB1-E6E3C34B88ED}.Release|x64.Build.0 = Release|Any CPU
		{1C6DE6BB-A377-46EE-9AB1-E6E3C34B88ED}.Release|x86.ActiveCfg = Release|Any CPU
		{1C6DE6BB-A377-46EE-9AB1-E6E3C34B88ED}.Release|x86.Build.0 = Release|Any CPU
		{9B7AA7DE-A3EF-4849-9136-FC47E3B51973}.Debug|Any CPU.ActiveCfg = Debug|Any CPU
		{9B7AA7DE-A3EF-4849-9136-FC47E3B51973}.Debug|Any CPU.Build.0 = Debug|Any CPU
		{9B7AA7DE-A3EF-4849-9136-FC47E3B51973}.Debug|x64.ActiveCfg = Debug|Any CPU
		{9B7AA7DE-A3EF-4849-9136-FC47E3B51973}.Debug|x64.Build.0 = Debug|Any CPU
		{9B7AA7DE-A3EF-4849-9136-FC47E3B51973}.Debug|x86.ActiveCfg = Debug|Any CPU
		{9B7AA7DE-A3EF-4849-9136-FC47E3B51973}.Debug|x86.Build.0 = Debug|Any CPU
		{9B7AA7DE-A3EF-4849-9136-FC47E3B51973}.Release|Any CPU.ActiveCfg = Release|Any CPU
		{9B7AA7DE-A3EF-4849-9136-FC47E3B51973}.Release|Any CPU.Build.0 = Release|Any CPU
		{9B7AA7DE-A3EF-4849-9136-FC47E3B51973}.Release|x64.ActiveCfg = Release|Any CPU
		{9B7AA7DE-A3EF-4849-9136-FC47E3B51973}.Release|x64.Build.0 = Release|Any CPU
		{9B7AA7DE-A3EF-4849-9136-FC47E3B51973}.Release|x86.ActiveCfg = Release|Any CPU
		{9B7AA7DE-A3EF-4849-9136-FC47E3B51973}.Release|x86.Build.0 = Release|Any CPU
		{365CBE09-37BB-4A0F-92B8-1AA7A4C4557A}.Debug|Any CPU.ActiveCfg = Debug|Any CPU
		{365CBE09-37BB-4A0F-92B8-1AA7A4C4557A}.Debug|Any CPU.Build.0 = Debug|Any CPU
		{365CBE09-37BB-4A0F-92B8-1AA7A4C4557A}.Debug|x64.ActiveCfg = Debug|Any CPU
		{365CBE09-37BB-4A0F-92B8-1AA7A4C4557A}.Debug|x64.Build.0 = Debug|Any CPU
		{365CBE09-37BB-4A0F-92B8-1AA7A4C4557A}.Debug|x86.ActiveCfg = Debug|Any CPU
		{365CBE09-37BB-4A0F-92B8-1AA7A4C4557A}.Debug|x86.Build.0 = Debug|Any CPU
		{365CBE09-37BB-4A0F-92B8-1AA7A4C4557A}.Release|Any CPU.ActiveCfg = Release|Any CPU
		{365CBE09-37BB-4A0F-92B8-1AA7A4C4557A}.Release|Any CPU.Build.0 = Release|Any CPU
		{365CBE09-37BB-4A0F-92B8-1AA7A4C4557A}.Release|x64.ActiveCfg = Release|Any CPU
		{365CBE09-37BB-4A0F-92B8-1AA7A4C4557A}.Release|x64.Build.0 = Release|Any CPU
		{365CBE09-37BB-4A0F-92B8-1AA7A4C4557A}.Release|x86.ActiveCfg = Release|Any CPU
		{365CBE09-37BB-4A0F-92B8-1AA7A4C4557A}.Release|x86.Build.0 = Release|Any CPU
		{5C4E6822-E56F-4ED5-AFC4-3D4F7EADA68D}.Debug|Any CPU.ActiveCfg = Debug|Any CPU
		{5C4E6822-E56F-4ED5-AFC4-3D4F7EADA68D}.Debug|Any CPU.Build.0 = Debug|Any CPU
		{5C4E6822-E56F-4ED5-AFC4-3D4F7EADA68D}.Debug|x64.ActiveCfg = Debug|Any CPU
		{5C4E6822-E56F-4ED5-AFC4-3D4F7EADA68D}.Debug|x64.Build.0 = Debug|Any CPU
		{5C4E6822-E56F-4ED5-AFC4-3D4F7EADA68D}.Debug|x86.ActiveCfg = Debug|Any CPU
		{5C4E6822-E56F-4ED5-AFC4-3D4F7EADA68D}.Debug|x86.Build.0 = Debug|Any CPU
		{5C4E6822-E56F-4ED5-AFC4-3D4F7EADA68D}.Release|Any CPU.ActiveCfg = Release|Any CPU
		{5C4E6822-E56F-4ED5-AFC4-3D4F7EADA68D}.Release|Any CPU.Build.0 = Release|Any CPU
		{5C4E6822-E56F-4ED5-AFC4-3D4F7EADA68D}.Release|x64.ActiveCfg = Release|Any CPU
		{5C4E6822-E56F-4ED5-AFC4-3D4F7EADA68D}.Release|x64.Build.0 = Release|Any CPU
		{5C4E6822-E56F-4ED5-AFC4-3D4F7EADA68D}.Release|x86.ActiveCfg = Release|Any CPU
		{5C4E6822-E56F-4ED5-AFC4-3D4F7EADA68D}.Release|x86.Build.0 = Release|Any CPU
		{400EBC4B-9797-441C-AEF0-1F8A4D786C96}.Debug|Any CPU.ActiveCfg = Debug|Any CPU
		{400EBC4B-9797-441C-AEF0-1F8A4D786C96}.Debug|Any CPU.Build.0 = Debug|Any CPU
		{400EBC4B-9797-441C-AEF0-1F8A4D786C96}.Debug|x64.ActiveCfg = Debug|Any CPU
		{400EBC4B-9797-441C-AEF0-1F8A4D786C96}.Debug|x64.Build.0 = Debug|Any CPU
		{400EBC4B-9797-441C-AEF0-1F8A4D786C96}.Debug|x86.ActiveCfg = Debug|Any CPU
		{400EBC4B-9797-441C-AEF0-1F8A4D786C96}.Debug|x86.Build.0 = Debug|Any CPU
		{400EBC4B-9797-441C-AEF0-1F8A4D786C96}.Release|Any CPU.ActiveCfg = Release|Any CPU
		{400EBC4B-9797-441C-AEF0-1F8A4D786C96}.Release|Any CPU.Build.0 = Release|Any CPU
		{400EBC4B-9797-441C-AEF0-1F8A4D786C96}.Release|x64.ActiveCfg = Release|Any CPU
		{400EBC4B-9797-441C-AEF0-1F8A4D786C96}.Release|x64.Build.0 = Release|Any CPU
		{400EBC4B-9797-441C-AEF0-1F8A4D786C96}.Release|x86.ActiveCfg = Release|Any CPU
		{400EBC4B-9797-441C-AEF0-1F8A4D786C96}.Release|x86.Build.0 = Release|Any CPU
		{9F6DD67F-6609-44D8-8DFB-9E93F0AE6B7B}.Debug|Any CPU.ActiveCfg = Debug|Any CPU
		{9F6DD67F-6609-44D8-8DFB-9E93F0AE6B7B}.Debug|Any CPU.Build.0 = Debug|Any CPU
		{9F6DD67F-6609-44D8-8DFB-9E93F0AE6B7B}.Debug|x64.ActiveCfg = Debug|Any CPU
		{9F6DD67F-6609-44D8-8DFB-9E93F0AE6B7B}.Debug|x64.Build.0 = Debug|Any CPU
		{9F6DD67F-6609-44D8-8DFB-9E93F0AE6B7B}.Debug|x86.ActiveCfg = Debug|Any CPU
		{9F6DD67F-6609-44D8-8DFB-9E93F0AE6B7B}.Debug|x86.Build.0 = Debug|Any CPU
		{9F6DD67F-6609-44D8-8DFB-9E93F0AE6B7B}.Release|Any CPU.ActiveCfg = Release|Any CPU
		{9F6DD67F-6609-44D8-8DFB-9E93F0AE6B7B}.Release|Any CPU.Build.0 = Release|Any CPU
		{9F6DD67F-6609-44D8-8DFB-9E93F0AE6B7B}.Release|x64.ActiveCfg = Release|Any CPU
		{9F6DD67F-6609-44D8-8DFB-9E93F0AE6B7B}.Release|x64.Build.0 = Release|Any CPU
		{9F6DD67F-6609-44D8-8DFB-9E93F0AE6B7B}.Release|x86.ActiveCfg = Release|Any CPU
		{9F6DD67F-6609-44D8-8DFB-9E93F0AE6B7B}.Release|x86.Build.0 = Release|Any CPU
	EndGlobalSection
	GlobalSection(SolutionProperties) = preSolution
		HideSolutionNode = FALSE
	EndGlobalSection
	GlobalSection(NestedProjects) = preSolution
		{3AC21016-8D33-4CB6-AED0-AD09F7188ECC} = {A09A9A80-227C-4A8A-BF89-2CCA62000757}
		{680EE22E-6335-4B68-A985-AD09E9CA6FBD} = {A09A9A80-227C-4A8A-BF89-2CCA62000757}
		{C71CC650-9FB1-4E81-9161-8190763CD153} = {A09A9A80-227C-4A8A-BF89-2CCA62000757}
		{6033AA29-0EEE-4711-9999-68E720D2BD9A} = {A09A9A80-227C-4A8A-BF89-2CCA62000757}
		{10637B95-BA15-4742-9A34-E4A83015F073} = {85A99F2B-0E9C-4EB6-9B21-AA9D7F2C02FB}
		{FF4A6F70-26BB-478B-9A54-8FDEA9512421} = {85A99F2B-0E9C-4EB6-9B21-AA9D7F2C02FB}
	EndGlobalSection
EndGlobal
