
Microsoft Visual Studio Solution File, Format Version 12.00
# Visual Studio Version 17
VisualStudioVersion = 17.0.31903.59
MinimumVisualStudioVersion = 10.0.40219.1
Project("{2150E333-8FDC-42A3-9474-1A3956D46DE8}") = "src", "src", "{827E0CD3-B72D-47B6-A68D-7590B98EB39B}"
EndProject
Project("{FAE04EC0-301F-11D3-BF4B-00C04F79EFBC}") = "ReservationService.Worker", "src\ReservationService.Worker\ReservationService.Worker.csproj", "{7F51F608-822C-41CF-9D40-57AC7D9344E9}"
EndProject
Project("{2150E333-8FDC-42A3-9474-1A3956D46DE8}") = "tests", "tests", "{A1B2C3D4-E5F6-7890-ABCD-EF1234567890}"
EndProject
Project("{FAE04EC0-301F-11D3-BF4B-00C04F79EFBC}") = "ReservationService.Domain", "src\ReservationService.Domain\ReservationService.Domain.csproj", "{6AA9A6C3-5D02-4684-9D87-F09360DAEA13}"
EndProject
Project("{FAE04EC0-301F-11D3-BF4B-00C04F79EFBC}") = "ReservationService.Application", "src\ReservationService.Application\ReservationService.Application.csproj", "{948C3B8D-7C14-4958-AA62-FA8C59603E3B}"
EndProject
Project("{FAE04EC0-301F-11D3-BF4B-00C04F79EFBC}") = "ReservationService.Infrastructure", "src\ReservationService.Infrastructure\ReservationService.Infrastructure.csproj", "{35A3C1AC-E318-4CB5-98D6-141E37815E0F}"
EndProject
Project("{FAE04EC0-301F-11D3-BF4B-00C04F79EFBC}") = "ReservationService.Domain.Tests", "tests\ReservationService.Domain.Tests\ReservationService.Domain.Tests.csproj", "{E62E12DD-38B0-46AC-A4E0-9FB6DC801645}"
EndProject
Project("{FAE04EC0-301F-11D3-BF4B-00C04F79EFBC}") = "ReservationService.Application.Tests", "tests\ReservationService.Application.Tests\ReservationService.Application.Tests.csproj", "{1317A628-8FD4-4620-8357-3E92D90A5DA1}"
EndProject
Project("{FAE04EC0-301F-11D3-BF4B-00C04F79EFBC}") = "ReservationService.Infrastructure.Tests", "tests\ReservationService.Infrastructure.Tests\ReservationService.Infrastructure.Tests.csproj", "{77DDC189-D7FA-48AC-83CC-130D2802802A}"
EndProject
Global
	GlobalSection(SolutionConfigurationPlatforms) = preSolution
		Debug|Any CPU = Debug|Any CPU
		Debug|x64 = Debug|x64
		Debug|x86 = Debug|x86
		Release|Any CPU = Release|Any CPU
		Release|x64 = Release|x64
		Release|x86 = Release|x86
	EndGlobalSection
	GlobalSection(ProjectConfigurationPlatforms) = postSolution
		{7F51F608-822C-41CF-9D40-57AC7D9344E9}.Debug|Any CPU.ActiveCfg = Debug|Any CPU
		{7F51F608-822C-41CF-9D40-57AC7D9344E9}.Debug|Any CPU.Build.0 = Debug|Any CPU
		{7F51F608-822C-41CF-9D40-57AC7D9344E9}.Debug|x64.ActiveCfg = Debug|Any CPU
		{7F51F608-822C-41CF-9D40-57AC7D9344E9}.Debug|x64.Build.0 = Debug|Any CPU
		{7F51F608-822C-41CF-9D40-57AC7D9344E9}.Debug|x86.ActiveCfg = Debug|Any CPU
		{7F51F608-822C-41CF-9D40-57AC7D9344E9}.Debug|x86.Build.0 = Debug|Any CPU
		{7F51F608-822C-41CF-9D40-57AC7D9344E9}.Release|Any CPU.ActiveCfg = Release|Any CPU
		{7F51F608-822C-41CF-9D40-57AC7D9344E9}.Release|Any CPU.Build.0 = Release|Any CPU
		{7F51F608-822C-41CF-9D40-57AC7D9344E9}.Release|x64.ActiveCfg = Release|Any CPU
		{7F51F608-822C-41CF-9D40-57AC7D9344E9}.Release|x64.Build.0 = Release|Any CPU
		{7F51F608-822C-41CF-9D40-57AC7D9344E9}.Release|x86.ActiveCfg = Release|Any CPU
		{7F51F608-822C-41CF-9D40-57AC7D9344E9}.Release|x86.Build.0 = Release|Any CPU
		{6AA9A6C3-5D02-4684-9D87-F09360DAEA13}.Debug|Any CPU.ActiveCfg = Debug|Any CPU
		{6AA9A6C3-5D02-4684-9D87-F09360DAEA13}.Debug|Any CPU.Build.0 = Debug|Any CPU
		{6AA9A6C3-5D02-4684-9D87-F09360DAEA13}.Debug|x64.ActiveCfg = Debug|Any CPU
		{6AA9A6C3-5D02-4684-9D87-F09360DAEA13}.Debug|x64.Build.0 = Debug|Any CPU
		{6AA9A6C3-5D02-4684-9D87-F09360DAEA13}.Debug|x86.ActiveCfg = Debug|Any CPU
		{6AA9A6C3-5D02-4684-9D87-F09360DAEA13}.Debug|x86.Build.0 = Debug|Any CPU
		{6AA9A6C3-5D02-4684-9D87-F09360DAEA13}.Release|Any CPU.ActiveCfg = Release|Any CPU
		{6AA9A6C3-5D02-4684-9D87-F09360DAEA13}.Release|Any CPU.Build.0 = Release|Any CPU
		{6AA9A6C3-5D02-4684-9D87-F09360DAEA13}.Release|x64.ActiveCfg = Release|Any CPU
		{6AA9A6C3-5D02-4684-9D87-F09360DAEA13}.Release|x64.Build.0 = Release|Any CPU
		{6AA9A6C3-5D02-4684-9D87-F09360DAEA13}.Release|x86.ActiveCfg = Release|Any CPU
		{6AA9A6C3-5D02-4684-9D87-F09360DAEA13}.Release|x86.Build.0 = Release|Any CPU
		{948C3B8D-7C14-4958-AA62-FA8C59603E3B}.Debug|Any CPU.ActiveCfg = Debug|Any CPU
		{948C3B8D-7C14-4958-AA62-FA8C59603E3B}.Debug|Any CPU.Build.0 = Debug|Any CPU
		{948C3B8D-7C14-4958-AA62-FA8C59603E3B}.Debug|x64.ActiveCfg = Debug|Any CPU
		{948C3B8D-7C14-4958-AA62-FA8C59603E3B}.Debug|x64.Build.0 = Debug|Any CPU
		{948C3B8D-7C14-4958-AA62-FA8C59603E3B}.Debug|x86.ActiveCfg = Debug|Any CPU
		{948C3B8D-7C14-4958-AA62-FA8C59603E3B}.Debug|x86.Build.0 = Debug|Any CPU
		{948C3B8D-7C14-4958-AA62-FA8C59603E3B}.Release|Any CPU.ActiveCfg = Release|Any CPU
		{948C3B8D-7C14-4958-AA62-FA8C59603E3B}.Release|Any CPU.Build.0 = Release|Any CPU
		{948C3B8D-7C14-4958-AA62-FA8C59603E3B}.Release|x64.ActiveCfg = Release|Any CPU
		{948C3B8D-7C14-4958-AA62-FA8C59603E3B}.Release|x64.Build.0 = Release|Any CPU
		{948C3B8D-7C14-4958-AA62-FA8C59603E3B}.Release|x86.ActiveCfg = Release|Any CPU
		{948C3B8D-7C14-4958-AA62-FA8C59603E3B}.Release|x86.Build.0 = Release|Any CPU
		{35A3C1AC-E318-4CB5-98D6-141E37815E0F}.Debug|Any CPU.ActiveCfg = Debug|Any CPU
		{35A3C1AC-E318-4CB5-98D6-141E37815E0F}.Debug|Any CPU.Build.0 = Debug|Any CPU
		{35A3C1AC-E318-4CB5-98D6-141E37815E0F}.Debug|x64.ActiveCfg = Debug|Any CPU
		{35A3C1AC-E318-4CB5-98D6-141E37815E0F}.Debug|x64.Build.0 = Debug|Any CPU
		{35A3C1AC-E318-4CB5-98D6-141E37815E0F}.Debug|x86.ActiveCfg = Debug|Any CPU
		{35A3C1AC-E318-4CB5-98D6-141E37815E0F}.Debug|x86.Build.0 = Debug|Any CPU
		{35A3C1AC-E318-4CB5-98D6-141E37815E0F}.Release|Any CPU.ActiveCfg = Release|Any CPU
		{35A3C1AC-E318-4CB5-98D6-141E37815E0F}.Release|Any CPU.Build.0 = Release|Any CPU
		{35A3C1AC-E318-4CB5-98D6-141E37815E0F}.Release|x64.ActiveCfg = Release|Any CPU
		{35A3C1AC-E318-4CB5-98D6-141E37815E0F}.Release|x64.Build.0 = Release|Any CPU
		{35A3C1AC-E318-4CB5-98D6-141E37815E0F}.Release|x86.ActiveCfg = Release|Any CPU
		{35A3C1AC-E318-4CB5-98D6-141E37815E0F}.Release|x86.Build.0 = Release|Any CPU
		{E62E12DD-38B0-46AC-A4E0-9FB6DC801645}.Debug|Any CPU.ActiveCfg = Debug|Any CPU
		{E62E12DD-38B0-46AC-A4E0-9FB6DC801645}.Debug|Any CPU.Build.0 = Debug|Any CPU
		{E62E12DD-38B0-46AC-A4E0-9FB6DC801645}.Debug|x64.ActiveCfg = Debug|Any CPU
		{E62E12DD-38B0-46AC-A4E0-9FB6DC801645}.Debug|x64.Build.0 = Debug|Any CPU
		{E62E12DD-38B0-46AC-A4E0-9FB6DC801645}.Debug|x86.ActiveCfg = Debug|Any CPU
		{E62E12DD-38B0-46AC-A4E0-9FB6DC801645}.Debug|x86.Build.0 = Debug|Any CPU
		{E62E12DD-38B0-46AC-A4E0-9FB6DC801645}.Release|Any CPU.ActiveCfg = Release|Any CPU
		{E62E12DD-38B0-46AC-A4E0-9FB6DC801645}.Release|Any CPU.Build.0 = Release|Any CPU
		{E62E12DD-38B0-46AC-A4E0-9FB6DC801645}.Release|x64.ActiveCfg = Release|Any CPU
		{E62E12DD-38B0-46AC-A4E0-9FB6DC801645}.Release|x64.Build.0 = Release|Any CPU
		{E62E12DD-38B0-46AC-A4E0-9FB6DC801645}.Release|x86.ActiveCfg = Release|Any CPU
		{E62E12DD-38B0-46AC-A4E0-9FB6DC801645}.Release|x86.Build.0 = Release|Any CPU
		{1317A628-8FD4-4620-8357-3E92D90A5DA1}.Debug|Any CPU.ActiveCfg = Debug|Any CPU
		{1317A628-8FD4-4620-8357-3E92D90A5DA1}.Debug|Any CPU.Build.0 = Debug|Any CPU
		{1317A628-8FD4-4620-8357-3E92D90A5DA1}.Debug|x64.ActiveCfg = Debug|Any CPU
		{1317A628-8FD4-4620-8357-3E92D90A5DA1}.Debug|x64.Build.0 = Debug|Any CPU
		{1317A628-8FD4-4620-8357-3E92D90A5DA1}.Debug|x86.ActiveCfg = Debug|Any CPU
		{1317A628-8FD4-4620-8357-3E92D90A5DA1}.Debug|x86.Build.0 = Debug|Any CPU
		{1317A628-8FD4-4620-8357-3E92D90A5DA1}.Release|Any CPU.ActiveCfg = Release|Any CPU
		{1317A628-8FD4-4620-8357-3E92D90A5DA1}.Release|Any CPU.Build.0 = Release|Any CPU
		{1317A628-8FD4-4620-8357-3E92D90A5DA1}.Release|x64.ActiveCfg = Release|Any CPU
		{1317A628-8FD4-4620-8357-3E92D90A5DA1}.Release|x64.Build.0 = Release|Any CPU
		{1317A628-8FD4-4620-8357-3E92D90A5DA1}.Release|x86.ActiveCfg = Release|Any CPU
		{1317A628-8FD4-4620-8357-3E92D90A5DA1}.Release|x86.Build.0 = Release|Any CPU
		{77DDC189-D7FA-48AC-83CC-130D2802802A}.Debug|Any CPU.ActiveCfg = Debug|Any CPU
		{77DDC189-D7FA-48AC-83CC-130D2802802A}.Debug|Any CPU.Build.0 = Debug|Any CPU
		{77DDC189-D7FA-48AC-83CC-130D2802802A}.Debug|x64.ActiveCfg = Debug|Any CPU
		{77DDC189-D7FA-48AC-83CC-130D2802802A}.Debug|x64.Build.0 = Debug|Any CPU
		{77DDC189-D7FA-48AC-83CC-130D2802802A}.Debug|x86.ActiveCfg = Debug|Any CPU
		{77DDC189-D7FA-48AC-83CC-130D2802802A}.Debug|x86.Build.0 = Debug|Any CPU
		{77DDC189-D7FA-48AC-83CC-130D2802802A}.Release|Any CPU.ActiveCfg = Release|Any CPU
		{77DDC189-D7FA-48AC-83CC-130D2802802A}.Release|Any CPU.Build.0 = Release|Any CPU
		{77DDC189-D7FA-48AC-83CC-130D2802802A}.Release|x64.ActiveCfg = Release|Any CPU
		{77DDC189-D7FA-48AC-83CC-130D2802802A}.Release|x64.Build.0 = Release|Any CPU
		{77DDC189-D7FA-48AC-83CC-130D2802802A}.Release|x86.ActiveCfg = Release|Any CPU
		{77DDC189-D7FA-48AC-83CC-130D2802802A}.Release|x86.Build.0 = Release|Any CPU
	EndGlobalSection
	GlobalSection(SolutionProperties) = preSolution
		HideSolutionNode = FALSE
	EndGlobalSection
	GlobalSection(NestedProjects) = preSolution
		{7F51F608-822C-41CF-9D40-57AC7D9344E9} = {827E0CD3-B72D-47B6-A68D-7590B98EB39B}
		{6AA9A6C3-5D02-4684-9D87-F09360DAEA13} = {827E0CD3-B72D-47B6-A68D-7590B98EB39B}
		{948C3B8D-7C14-4958-AA62-FA8C59603E3B} = {827E0CD3-B72D-47B6-A68D-7590B98EB39B}
		{35A3C1AC-E318-4CB5-98D6-141E37815E0F} = {827E0CD3-B72D-47B6-A68D-7590B98EB39B}
		{E62E12DD-38B0-46AC-A4E0-9FB6DC801645} = {A1B2C3D4-E5F6-7890-ABCD-EF1234567890}
		{1317A628-8FD4-4620-8357-3E92D90A5DA1} = {A1B2C3D4-E5F6-7890-ABCD-EF1234567890}
		{77DDC189-D7FA-48AC-83CC-130D2802802A} = {A1B2C3D4-E5F6-7890-ABCD-EF1234567890}
	EndGlobalSection
EndGlobal
